// !$*UTF8*$!
{
	archiveVersion = 1;
	classes = {
	};
	objectVersion = 46;
	objects = {

/* Begin PBXBuildFile section */
		00C302E51ABCBA2D00DB3ED1 /* libRCTActionSheet.a in Frameworks */ = {isa = PBXBuildFile; fileRef = 00C302AC1ABCB8CE00DB3ED1 /* libRCTActionSheet.a */; };
		00C302E71ABCBA2D00DB3ED1 /* libRCTGeolocation.a in Frameworks */ = {isa = PBXBuildFile; fileRef = 00C302BA1ABCB90400DB3ED1 /* libRCTGeolocation.a */; };
		00C302E81ABCBA2D00DB3ED1 /* libRCTImage.a in Frameworks */ = {isa = PBXBuildFile; fileRef = 00C302C01ABCB91800DB3ED1 /* libRCTImage.a */; };
		00C302E91ABCBA2D00DB3ED1 /* libRCTNetwork.a in Frameworks */ = {isa = PBXBuildFile; fileRef = 00C302DC1ABCB9D200DB3ED1 /* libRCTNetwork.a */; };
		00C302EA1ABCBA2D00DB3ED1 /* libRCTVibration.a in Frameworks */ = {isa = PBXBuildFile; fileRef = 00C302E41ABCB9EE00DB3ED1 /* libRCTVibration.a */; };
		133E29F31AD74F7200F7D852 /* libRCTLinking.a in Frameworks */ = {isa = PBXBuildFile; fileRef = 78C398B91ACF4ADC00677621 /* libRCTLinking.a */; };
		139105C61AF99C1200B5F7CC /* libRCTSettings.a in Frameworks */ = {isa = PBXBuildFile; fileRef = 139105C11AF99BAD00B5F7CC /* libRCTSettings.a */; };
		139FDEF61B0652A700C62182 /* libRCTWebSocket.a in Frameworks */ = {isa = PBXBuildFile; fileRef = 139FDEF41B06529B00C62182 /* libRCTWebSocket.a */; };
		13B07FBC1A68108700A75B9A /* AppDelegate.m in Sources */ = {isa = PBXBuildFile; fileRef = 13B07FB01A68108700A75B9A /* AppDelegate.m */; };
		13B07FBF1A68108700A75B9A /* Images.xcassets in Resources */ = {isa = PBXBuildFile; fileRef = 13B07FB51A68108700A75B9A /* Images.xcassets */; };
		13B07FC11A68108700A75B9A /* main.m in Sources */ = {isa = PBXBuildFile; fileRef = 13B07FB71A68108700A75B9A /* main.m */; };
		146834051AC3E58100842450 /* libReact.a in Frameworks */ = {isa = PBXBuildFile; fileRef = 146834041AC3E56700842450 /* libReact.a */; };
		3219C0DB1DA42D6300A14415 /* Settings.bundle in Resources */ = {isa = PBXBuildFile; fileRef = 3219C0DA1DA42D6300A14415 /* Settings.bundle */; };
		3264D3F11E6DAA1600FE083B /* college.png in Resources */ = {isa = PBXBuildFile; fileRef = 3264D3F01E6DAA1600FE083B /* college.png */; };
		3264D3F61E6DAE2700FE083B /* Beck_Jessica_College-Years_Introduction.mp3 in Resources */ = {isa = PBXBuildFile; fileRef = 3264D3F21E6DAE2700FE083B /* Beck_Jessica_College-Years_Introduction.mp3 */; };
		3264D3F71E6DAE2700FE083B /* CollegeYears_Visual_ThreeFigures.mp3 in Resources */ = {isa = PBXBuildFile; fileRef = 3264D3F31E6DAE2700FE083B /* CollegeYears_Visual_ThreeFigures.mp3 */; };
		3264D3F81E6DAE2700FE083B /* Pearlstein_HowDoesItFeelToBeFamous.mp3 in Resources */ = {isa = PBXBuildFile; fileRef = 3264D3F41E6DAE2700FE083B /* Pearlstein_HowDoesItFeelToBeFamous.mp3 */; };
		3264D3F91E6DAE2700FE083B /* Warhola_Donald_NeighborhoodWatch.mp3 in Resources */ = {isa = PBXBuildFile; fileRef = 3264D3F51E6DAE2700FE083B /* Warhola_Donald_NeighborhoodWatch.mp3 */; };
		3264D3FB1E6DB56500FE083B /* Warhola_Donald-Julia_FoldingScreen-v2.mp3 in Resources */ = {isa = PBXBuildFile; fileRef = 3264D3FA1E6DB56500FE083B /* Warhola_Donald-Julia_FoldingScreen-v2.mp3 */; };
		32A7B75A1DE4D39E00407F48 /* boyBook.png in Resources */ = {isa = PBXBuildFile; fileRef = 32A7B7591DE4D39E00407F48 /* boyBook.png */; };
		32A7B75E1DE4D54800407F48 /* BoyBook_GettingSerious.mp3 in Resources */ = {isa = PBXBuildFile; fileRef = 32A7B75B1DE4D54800407F48 /* BoyBook_GettingSerious.mp3 */; };
		32A7B75F1DE4D54800407F48 /* BoyBook_UnidentifiedMale_VisualDescription.mp3 in Resources */ = {isa = PBXBuildFile; fileRef = 32A7B75C1DE4D54800407F48 /* BoyBook_UnidentifiedMale_VisualDescription.mp3 */; };
		32A7B7601DE4D54800407F48 /* BoyBook_Introduction.mp3 in Resources */ = {isa = PBXBuildFile; fileRef = 32A7B75D1DE4D54800407F48 /* BoyBook_Introduction.mp3 */; };
		32CADB361D709A39006122E5 /* andyAndJulia.png in Resources */ = {isa = PBXBuildFile; fileRef = 32CADB291D709A39006122E5 /* andyAndJulia.png */; };
		32CADB381D709A39006122E5 /* blottedLineStill.png in Resources */ = {isa = PBXBuildFile; fileRef = 32CADB2B1D709A39006122E5 /* blottedLineStill.png */; };
		32CADB391D709A39006122E5 /* campbells.png in Resources */ = {isa = PBXBuildFile; fileRef = 32CADB2C1D709A39006122E5 /* campbells.png */; };
		32CADB3A1D709A39006122E5 /* childhood.png in Resources */ = {isa = PBXBuildFile; fileRef = 32CADB2D1D709A39006122E5 /* childhood.png */; };
		32CADB3B1D709A39006122E5 /* cocaCola.png in Resources */ = {isa = PBXBuildFile; fileRef = 32CADB2E1D709A39006122E5 /* cocaCola.png */; };
		32CADB3D1D709A39006122E5 /* commercialWork.png in Resources */ = {isa = PBXBuildFile; fileRef = 32CADB301D709A39006122E5 /* commercialWork.png */; };
		32CADB3E1D709A39006122E5 /* earlyYears.png in Resources */ = {isa = PBXBuildFile; fileRef = 32CADB311D709A39006122E5 /* earlyYears.png */; };
		32CADB3F1D709A39006122E5 /* lobbySpace.png in Resources */ = {isa = PBXBuildFile; fileRef = 32CADB321D709A39006122E5 /* lobbySpace.png */; };
		32CADB401D709A39006122E5 /* museumBackground.png in Resources */ = {isa = PBXBuildFile; fileRef = 32CADB331D709A39006122E5 /* museumBackground.png */; };
		32CADB411D709A39006122E5 /* newYork.png in Resources */ = {isa = PBXBuildFile; fileRef = 32CADB341D709A39006122E5 /* newYork.png */; };
		32CADB7D1D709AC3006122E5 /* AndyAndJulia_visual.mp3 in Resources */ = {isa = PBXBuildFile; fileRef = 32CADB441D709AC3006122E5 /* AndyAndJulia_visual.mp3 */; };
		32CADB811D709AC3006122E5 /* Beck_Jessica_New-York_Commercial-Fine-Art.mp3 in Resources */ = {isa = PBXBuildFile; fileRef = 32CADB481D709AC3006122E5 /* Beck_Jessica_New-York_Commercial-Fine-Art.mp3 */; };
		32CADB821D709AC3006122E5 /* Beck_Jessica_New-York_Introduction.mp3 in Resources */ = {isa = PBXBuildFile; fileRef = 32CADB491D709AC3006122E5 /* Beck_Jessica_New-York_Introduction.mp3 */; };
		32CADB831D709AC3006122E5 /* Beck_Jessica_New-York_Persona.mp3 in Resources */ = {isa = PBXBuildFile; fileRef = 32CADB4A1D709AC3006122E5 /* Beck_Jessica_New-York_Persona.mp3 */; };
		32CADB841D709AC3006122E5 /* Beck_Jessica_New-York_Success.mp3 in Resources */ = {isa = PBXBuildFile; fileRef = 32CADB4B1D709AC3006122E5 /* Beck_Jessica_New-York_Success.mp3 */; };
		32CADB851D709AC3006122E5 /* Blotted-Line_Collaboration_v2.mp3 in Resources */ = {isa = PBXBuildFile; fileRef = 32CADB4C1D709AC3006122E5 /* Blotted-Line_Collaboration_v2.mp3 */; };
		32CADB861D709AC3006122E5 /* Blotted-Line_Commercial_to_fine.mp3 in Resources */ = {isa = PBXBuildFile; fileRef = 32CADB4D1D709AC3006122E5 /* Blotted-Line_Commercial_to_fine.mp3 */; };
		32CADB871D709AC3006122E5 /* Blotted-Line_Introduction_v2.mp3 in Resources */ = {isa = PBXBuildFile; fileRef = 32CADB4E1D709AC3006122E5 /* Blotted-Line_Introduction_v2.mp3 */; };
		32CADB881D709AC3006122E5 /* Blotted-Line_Process_v2.mp3 in Resources */ = {isa = PBXBuildFile; fileRef = 32CADB4F1D709AC3006122E5 /* Blotted-Line_Process_v2.mp3 */; };
		32CADB891D709AC3006122E5 /* Campbells_Visual.mp3 in Resources */ = {isa = PBXBuildFile; fileRef = 32CADB501D709AC3006122E5 /* Campbells_Visual.mp3 */; };
		32CADB8A1D709AC3006122E5 /* Childhood_Visual.mp3 in Resources */ = {isa = PBXBuildFile; fileRef = 32CADB511D709AC3006122E5 /* Childhood_Visual.mp3 */; };
		32CADB8B1D709AC3006122E5 /* CocaCola_Tactile_Visual.mp3 in Resources */ = {isa = PBXBuildFile; fileRef = 32CADB521D709AC3006122E5 /* CocaCola_Tactile_Visual.mp3 */; };
		32CADB8C1D709AC3006122E5 /* CocaCola_Visual.mp3 in Resources */ = {isa = PBXBuildFile; fileRef = 32CADB531D709AC3006122E5 /* CocaCola_Visual.mp3 */; };
		32CADB8F1D709AC3006122E5 /* Diaz_Jose-Coke-Hand_Painted_Pop.mp3 in Resources */ = {isa = PBXBuildFile; fileRef = 32CADB561D709AC3006122E5 /* Diaz_Jose-Coke-Hand_Painted_Pop.mp3 */; };
		32CADB901D709AC3006122E5 /* Diaz_Jose-Commercial_Art-I_Miller.mp3 in Resources */ = {isa = PBXBuildFile; fileRef = 32CADB571D709AC3006122E5 /* Diaz_Jose-Commercial_Art-I_Miller.mp3 */; };
		32CADB911D709AC3006122E5 /* Diaz_Jose-Commercial_Art-Intro.mp3 in Resources */ = {isa = PBXBuildFile; fileRef = 32CADB581D709AC3006122E5 /* Diaz_Jose-Commercial_Art-Intro.mp3 */; };
		32CADB981D709AC3006122E5 /* Marsden_Grace_Campbells_Introduction.mp3 in Resources */ = {isa = PBXBuildFile; fileRef = 32CADB5F1D709AC3006122E5 /* Marsden_Grace_Campbells_Introduction.mp3 */; };
		32CADB991D709AC3006122E5 /* Marsden_Grace_Campbells_Torn.mp3 in Resources */ = {isa = PBXBuildFile; fileRef = 32CADB601D709AC3006122E5 /* Marsden_Grace_Campbells_Torn.mp3 */; };
		32CADB9A1D709AC3006122E5 /* Marsden_Grace_Coca-Cola_Expressionist_elements.mp3 in Resources */ = {isa = PBXBuildFile; fileRef = 32CADB611D709AC3006122E5 /* Marsden_Grace_Coca-Cola_Expressionist_elements.mp3 */; };
		32CADB9B1D709AC3006122E5 /* Marsden_Grace_Coca-Cola_Introduction.mp3 in Resources */ = {isa = PBXBuildFile; fileRef = 32CADB621D709AC3006122E5 /* Marsden_Grace_Coca-Cola_Introduction.mp3 */; };
		32CADB9C1D709AC3006122E5 /* Marsden_Grace_Coca-Cola_Mass-Appeal.mp3 in Resources */ = {isa = PBXBuildFile; fileRef = 32CADB631D709AC3006122E5 /* Marsden_Grace_Coca-Cola_Mass-Appeal.mp3 */; };
		32CADB9E1D709AC3006122E5 /* Pearlstein_Moving_to_NYC.mp3 in Resources */ = {isa = PBXBuildFile; fileRef = 32CADB651D709AC3006122E5 /* Pearlstein_Moving_to_NYC.mp3 */; };
		32CADB9F1D709AC3006122E5 /* PittsburghNewYork_VIsual.mp3 in Resources */ = {isa = PBXBuildFile; fileRef = 32CADB661D709AC3006122E5 /* PittsburghNewYork_VIsual.mp3 */; };
		32CADBA01D709AC3006122E5 /* Singelis_Campbells.mp3 in Resources */ = {isa = PBXBuildFile; fileRef = 32CADB671D709AC3006122E5 /* Singelis_Campbells.mp3 */; };
		32CADBA11D709AC3006122E5 /* Singelis_Walks_in_NewYork.mp3 in Resources */ = {isa = PBXBuildFile; fileRef = 32CADB681D709AC3006122E5 /* Singelis_Walks_in_NewYork.mp3 */; };
		32CADBA21D709AC3006122E5 /* TactileCocaCola_Tactile.mp3 in Resources */ = {isa = PBXBuildFile; fileRef = 32CADB691D709AC3006122E5 /* TactileCocaCola_Tactile.mp3 */; };
		32CADBA31D709AC3006122E5 /* TactileFemaleFashionFigure_Tactile.mp3 in Resources */ = {isa = PBXBuildFile; fileRef = 32CADB6A1D709AC3006122E5 /* TactileFemaleFashionFigure_Tactile.mp3 */; };
		32CADBA41D709AC3006122E5 /* TactileFemaleFashionFigure_Visual.mp3 in Resources */ = {isa = PBXBuildFile; fileRef = 32CADB6B1D709AC3006122E5 /* TactileFemaleFashionFigure_Visual.mp3 */; };
		32CADBA51D709AC3006122E5 /* TactileRecliningMaleTorso_Tactile.mp3 in Resources */ = {isa = PBXBuildFile; fileRef = 32CADB6C1D709AC3006122E5 /* TactileRecliningMaleTorso_Tactile.mp3 */; };
		32CADBA61D709AC3006122E5 /* TactileRecliningMaleTorso_Visual.mp3 in Resources */ = {isa = PBXBuildFile; fileRef = 32CADB6D1D709AC3006122E5 /* TactileRecliningMaleTorso_Visual.mp3 */; };
		32CADBA71D709AC3006122E5 /* Warhola_Donald_7th-Floor-Overview.mp3 in Resources */ = {isa = PBXBuildFile; fileRef = 32CADB6E1D709AC3006122E5 /* Warhola_Donald_7th-Floor-Overview.mp3 */; };
		32CADBA81D709AC3006122E5 /* Warhola_Donald_Childhood_Carpatho-Rusyn.mp3 in Resources */ = {isa = PBXBuildFile; fileRef = 32CADB6F1D709AC3006122E5 /* Warhola_Donald_Childhood_Carpatho-Rusyn.mp3 */; };
		32CADBA91D709AC3006122E5 /* Warhola_Donald_Childhood_Family_portrait.mp3 in Resources */ = {isa = PBXBuildFile; fileRef = 32CADB701D709AC3006122E5 /* Warhola_Donald_Childhood_Family_portrait.mp3 */; };
		32CADBAA1D709AC3006122E5 /* Warhola_Donald_Childhood_Growing_Up_in_the_Depression.mp3 in Resources */ = {isa = PBXBuildFile; fileRef = 32CADB711D709AC3006122E5 /* Warhola_Donald_Childhood_Growing_Up_in_the_Depression.mp3 */; };
		32CADBAB1D709AC3006122E5 /* Warhola_Donald_Childhood_Warhola_Family.mp3 in Resources */ = {isa = PBXBuildFile; fileRef = 32CADB721D709AC3006122E5 /* Warhola_Donald_Childhood_Warhola_Family.mp3 */; };
		32CADBAD1D709AC3006122E5 /* Warhola_Donald_Julia_Mothers_Influence.mp3 in Resources */ = {isa = PBXBuildFile; fileRef = 32CADB741D709AC3006122E5 /* Warhola_Donald_Julia_Mothers_Influence.mp3 */; };
		32CADBAE1D709AC3006122E5 /* Warhola_Donald_Julia_Prayer.mp3 in Resources */ = {isa = PBXBuildFile; fileRef = 32CADB751D709AC3006122E5 /* Warhola_Donald_Julia_Prayer.mp3 */; };
		32CADBAF1D709AC3006122E5 /* Warhola_Donald_Julia_Signature_style.mp3 in Resources */ = {isa = PBXBuildFile; fileRef = 32CADB761D709AC3006122E5 /* Warhola_Donald_Julia_Signature_style.mp3 */; };
		32CADBB01D709AC3006122E5 /* Warhola_Donald_Julia_The_Boss_Is_Going.mp3 in Resources */ = {isa = PBXBuildFile; fileRef = 32CADB771D709AC3006122E5 /* Warhola_Donald_Julia_The_Boss_Is_Going.mp3 */; };
		32CADBB11D709AC3006122E5 /* Warhola_Donald-Childhood_Introduction.mp3 in Resources */ = {isa = PBXBuildFile; fileRef = 32CADB781D709AC3006122E5 /* Warhola_Donald-Childhood_Introduction.mp3 */; };
		32CADBB21D709AC3006122E5 /* Warhola_Donald-Julia_Introduction.mp3 in Resources */ = {isa = PBXBuildFile; fileRef = 32CADB791D709AC3006122E5 /* Warhola_Donald-Julia_Introduction.mp3 */; };
		32CADBB31D709AC3006122E5 /* Warhola_John_Movie_Projector-v2.mp3 in Resources */ = {isa = PBXBuildFile; fileRef = 32CADB7A1D709AC3006122E5 /* Warhola_John_Movie_Projector-v2.mp3 */; };
		32CADBB41D709AC3006122E5 /* Warhola_Julia_Folksong.mp3 in Resources */ = {isa = PBXBuildFile; fileRef = 32CADB7B1D709AC3006122E5 /* Warhola_Julia_Folksong.mp3 */; };
		32CADBBD1D709B15006122E5 /* CMSAccessibilityManager.swift in Sources */ = {isa = PBXBuildFile; fileRef = 32CADBB71D709B15006122E5 /* CMSAccessibilityManager.swift */; };
		32CADBBE1D709B15006122E5 /* CMSAccessibilityManagerBridge.m in Sources */ = {isa = PBXBuildFile; fileRef = 32CADBB81D709B15006122E5 /* CMSAccessibilityManagerBridge.m */; };
		32CADBBF1D709B15006122E5 /* CMSAudioManager.swift in Sources */ = {isa = PBXBuildFile; fileRef = 32CADBB91D709B15006122E5 /* CMSAudioManager.swift */; };
		32CADBC01D709B15006122E5 /* CMSAudioManagerBridge.m in Sources */ = {isa = PBXBuildFile; fileRef = 32CADBBA1D709B15006122E5 /* CMSAudioManagerBridge.m */; };
		32CADBC11D709B15006122E5 /* CMSBeaconManager.swift in Sources */ = {isa = PBXBuildFile; fileRef = 32CADBBB1D709B15006122E5 /* CMSBeaconManager.swift */; };
		32CADBC21D709B15006122E5 /* CMSBeaconManagerBridge.m in Sources */ = {isa = PBXBuildFile; fileRef = 32CADBBC1D709B15006122E5 /* CMSBeaconManagerBridge.m */; };
		32DADA881DBA96DD003D00DE /* Tactile-Coca-Cola.png in Resources */ = {isa = PBXBuildFile; fileRef = 32DADA851DBA96DD003D00DE /* Tactile-Coca-Cola.png */; };
		32DADA891DBA96DD003D00DE /* Tactile-Female_Fashion_Figure.png in Resources */ = {isa = PBXBuildFile; fileRef = 32DADA861DBA96DD003D00DE /* Tactile-Female_Fashion_Figure.png */; };
		32DADA8A1DBA96DD003D00DE /* Tactile-Reclining_Male_Torso.png in Resources */ = {isa = PBXBuildFile; fileRef = 32DADA871DBA96DD003D00DE /* Tactile-Reclining_Male_Torso.png */; };
		32E203011DC88AE90079C55C /* CoreData.framework in Frameworks */ = {isa = PBXBuildFile; fileRef = 32E203001DC88AE90079C55C /* CoreData.framework */; };
		32E203031DC88AF90079C55C /* SystemConfiguration.framework in Frameworks */ = {isa = PBXBuildFile; fileRef = 32E203021DC88AF90079C55C /* SystemConfiguration.framework */; };
		32E203051DC88B190079C55C /* libsqlite3.0.tbd in Frameworks */ = {isa = PBXBuildFile; fileRef = 32E203041DC88B190079C55C /* libsqlite3.0.tbd */; };
		32ECA2701E27E8F100416736 /* VisualDescription_Shoe.mp3 in Resources */ = {isa = PBXBuildFile; fileRef = 32ECA26F1E27E8F100416736 /* VisualDescription_Shoe.mp3 */; };
		498E19D7529C4582BD5F2D5D /* libc++.tbd in Frameworks */ = {isa = PBXBuildFile; fileRef = DA9653058D874183A3A559DA /* libc++.tbd */; };
		633BA1BC7B8F408A96F0F333 /* libRNDeviceInfo.a in Frameworks */ = {isa = PBXBuildFile; fileRef = DBB1D3D947CE4DEC804D02F2 /* libRNDeviceInfo.a */; };
		832341BD1AAA6AB300B99B32 /* libRCTText.a in Frameworks */ = {isa = PBXBuildFile; fileRef = 832341B51AAA6A8300B99B32 /* libRCTText.a */; };
		89DB25260881405EB749C488 /* libz.tbd in Frameworks */ = {isa = PBXBuildFile; fileRef = AC665411C24E4CF6A5C2773D /* libz.tbd */; };
		8C5FAA5343744AA884971758 /* libRCTGoogleAnalyticsBridge.a in Frameworks */ = {isa = PBXBuildFile; fileRef = B991F4038E0A48CCB38481C8 /* libRCTGoogleAnalyticsBridge.a */; };
		F69CF019DCD14030BF6E6846 /* libRealmReact.a in Frameworks */ = {isa = PBXBuildFile; fileRef = 2D260585236149398895A4E6 /* libRealmReact.a */; };
		FA520F5123227F6EF74BC023 /* Pods_AndyWarholAccessibilityProject.framework in Frameworks */ = {isa = PBXBuildFile; fileRef = B41FF1C7176CF695511DE78D /* Pods_AndyWarholAccessibilityProject.framework */; };
/* End PBXBuildFile section */

/* Begin PBXContainerItemProxy section */
		00C302AB1ABCB8CE00DB3ED1 /* PBXContainerItemProxy */ = {
			isa = PBXContainerItemProxy;
			containerPortal = 00C302A71ABCB8CE00DB3ED1 /* RCTActionSheet.xcodeproj */;
			proxyType = 2;
			remoteGlobalIDString = 134814201AA4EA6300B7C361;
			remoteInfo = RCTActionSheet;
		};
		00C302B91ABCB90400DB3ED1 /* PBXContainerItemProxy */ = {
			isa = PBXContainerItemProxy;
			containerPortal = 00C302B51ABCB90400DB3ED1 /* RCTGeolocation.xcodeproj */;
			proxyType = 2;
			remoteGlobalIDString = 134814201AA4EA6300B7C361;
			remoteInfo = RCTGeolocation;
		};
		00C302BF1ABCB91800DB3ED1 /* PBXContainerItemProxy */ = {
			isa = PBXContainerItemProxy;
			containerPortal = 00C302BB1ABCB91800DB3ED1 /* RCTImage.xcodeproj */;
			proxyType = 2;
			remoteGlobalIDString = 58B5115D1A9E6B3D00147676;
			remoteInfo = RCTImage;
		};
		00C302DB1ABCB9D200DB3ED1 /* PBXContainerItemProxy */ = {
			isa = PBXContainerItemProxy;
			containerPortal = 00C302D31ABCB9D200DB3ED1 /* RCTNetwork.xcodeproj */;
			proxyType = 2;
			remoteGlobalIDString = 58B511DB1A9E6C8500147676;
			remoteInfo = RCTNetwork;
		};
		00C302E31ABCB9EE00DB3ED1 /* PBXContainerItemProxy */ = {
			isa = PBXContainerItemProxy;
			containerPortal = 00C302DF1ABCB9EE00DB3ED1 /* RCTVibration.xcodeproj */;
			proxyType = 2;
			remoteGlobalIDString = 832C81801AAF6DEF007FA2F7;
			remoteInfo = RCTVibration;
		};
		139105C01AF99BAD00B5F7CC /* PBXContainerItemProxy */ = {
			isa = PBXContainerItemProxy;
			containerPortal = 139105B61AF99BAD00B5F7CC /* RCTSettings.xcodeproj */;
			proxyType = 2;
			remoteGlobalIDString = 134814201AA4EA6300B7C361;
			remoteInfo = RCTSettings;
		};
		139FDEF31B06529B00C62182 /* PBXContainerItemProxy */ = {
			isa = PBXContainerItemProxy;
			containerPortal = 139FDEE61B06529A00C62182 /* RCTWebSocket.xcodeproj */;
			proxyType = 2;
			remoteGlobalIDString = 3C86DF461ADF2C930047B81A;
			remoteInfo = RCTWebSocket;
		};
		146834031AC3E56700842450 /* PBXContainerItemProxy */ = {
			isa = PBXContainerItemProxy;
			containerPortal = 146833FF1AC3E56700842450 /* React.xcodeproj */;
			proxyType = 2;
			remoteGlobalIDString = 83CBBA2E1A601D0E00E9B192;
			remoteInfo = React;
		};
		32CADBDF1D709B54006122E5 /* PBXContainerItemProxy */ = {
			isa = PBXContainerItemProxy;
			containerPortal = 5DE6AA1E78184C068BD5FFD2 /* RealmReact.xcodeproj */;
			proxyType = 2;
			remoteGlobalIDString = F60690131CA2766F0003FB26;
			remoteInfo = RealmReact;
		};
		32CADBE91D709B54006122E5 /* PBXContainerItemProxy */ = {
			isa = PBXContainerItemProxy;
			containerPortal = 6D6553A0A1BB4AC796F299D1 /* RNDeviceInfo.xcodeproj */;
			proxyType = 2;
			remoteGlobalIDString = DA5891D81BA9A9FC002B4DB2;
			remoteInfo = RNDeviceInfo;
		};
		32E202F41DC88AB60079C55C /* PBXContainerItemProxy */ = {
			isa = PBXContainerItemProxy;
			containerPortal = 3E3EB3C879304F519391D452 /* RCTGoogleAnalyticsBridge.xcodeproj */;
			proxyType = 2;
			remoteGlobalIDString = A79185C61C30694E001236A6;
			remoteInfo = RCTGoogleAnalyticsBridge;
		};
		78C398B81ACF4ADC00677621 /* PBXContainerItemProxy */ = {
			isa = PBXContainerItemProxy;
			containerPortal = 78C398B01ACF4ADC00677621 /* RCTLinking.xcodeproj */;
			proxyType = 2;
			remoteGlobalIDString = 134814201AA4EA6300B7C361;
			remoteInfo = RCTLinking;
		};
		832341B41AAA6A8300B99B32 /* PBXContainerItemProxy */ = {
			isa = PBXContainerItemProxy;
			containerPortal = 832341B01AAA6A8300B99B32 /* RCTText.xcodeproj */;
			proxyType = 2;
			remoteGlobalIDString = 58B5119B1A9E6C1200147676;
			remoteInfo = RCTText;
		};
/* End PBXContainerItemProxy section */

/* Begin PBXFileReference section */
		008F07F21AC5B25A0029DE68 /* main.jsbundle */ = {isa = PBXFileReference; fileEncoding = 4; lastKnownFileType = text; path = main.jsbundle; sourceTree = "<group>"; };
		00C302A71ABCB8CE00DB3ED1 /* RCTActionSheet.xcodeproj */ = {isa = PBXFileReference; lastKnownFileType = "wrapper.pb-project"; name = RCTActionSheet.xcodeproj; path = "../node_modules/react-native/Libraries/ActionSheetIOS/RCTActionSheet.xcodeproj"; sourceTree = "<group>"; };
		00C302B51ABCB90400DB3ED1 /* RCTGeolocation.xcodeproj */ = {isa = PBXFileReference; lastKnownFileType = "wrapper.pb-project"; name = RCTGeolocation.xcodeproj; path = "../node_modules/react-native/Libraries/Geolocation/RCTGeolocation.xcodeproj"; sourceTree = "<group>"; };
		00C302BB1ABCB91800DB3ED1 /* RCTImage.xcodeproj */ = {isa = PBXFileReference; lastKnownFileType = "wrapper.pb-project"; name = RCTImage.xcodeproj; path = "../node_modules/react-native/Libraries/Image/RCTImage.xcodeproj"; sourceTree = "<group>"; };
		00C302D31ABCB9D200DB3ED1 /* RCTNetwork.xcodeproj */ = {isa = PBXFileReference; lastKnownFileType = "wrapper.pb-project"; name = RCTNetwork.xcodeproj; path = "../node_modules/react-native/Libraries/Network/RCTNetwork.xcodeproj"; sourceTree = "<group>"; };
		00C302DF1ABCB9EE00DB3ED1 /* RCTVibration.xcodeproj */ = {isa = PBXFileReference; lastKnownFileType = "wrapper.pb-project"; name = RCTVibration.xcodeproj; path = "../node_modules/react-native/Libraries/Vibration/RCTVibration.xcodeproj"; sourceTree = "<group>"; };
		139105B61AF99BAD00B5F7CC /* RCTSettings.xcodeproj */ = {isa = PBXFileReference; lastKnownFileType = "wrapper.pb-project"; name = RCTSettings.xcodeproj; path = "../node_modules/react-native/Libraries/Settings/RCTSettings.xcodeproj"; sourceTree = "<group>"; };
		139FDEE61B06529A00C62182 /* RCTWebSocket.xcodeproj */ = {isa = PBXFileReference; lastKnownFileType = "wrapper.pb-project"; name = RCTWebSocket.xcodeproj; path = "../node_modules/react-native/Libraries/WebSocket/RCTWebSocket.xcodeproj"; sourceTree = "<group>"; };
		13B07F961A680F5B00A75B9A /* AndyWarholAccessibilityProject.app */ = {isa = PBXFileReference; explicitFileType = wrapper.application; includeInIndex = 0; path = AndyWarholAccessibilityProject.app; sourceTree = BUILT_PRODUCTS_DIR; };
		13B07FAF1A68108700A75B9A /* AppDelegate.h */ = {isa = PBXFileReference; fileEncoding = 4; lastKnownFileType = sourcecode.c.h; name = AppDelegate.h; path = AndyWarholAccessibilityProject/AppDelegate.h; sourceTree = "<group>"; };
		13B07FB01A68108700A75B9A /* AppDelegate.m */ = {isa = PBXFileReference; fileEncoding = 4; lastKnownFileType = sourcecode.c.objc; name = AppDelegate.m; path = AndyWarholAccessibilityProject/AppDelegate.m; sourceTree = "<group>"; };
		13B07FB51A68108700A75B9A /* Images.xcassets */ = {isa = PBXFileReference; lastKnownFileType = folder.assetcatalog; name = Images.xcassets; path = AndyWarholAccessibilityProject/Images.xcassets; sourceTree = "<group>"; };
		13B07FB61A68108700A75B9A /* Info.plist */ = {isa = PBXFileReference; fileEncoding = 4; lastKnownFileType = text.plist.xml; name = Info.plist; path = AndyWarholAccessibilityProject/Info.plist; sourceTree = "<group>"; };
		13B07FB71A68108700A75B9A /* main.m */ = {isa = PBXFileReference; fileEncoding = 4; lastKnownFileType = sourcecode.c.objc; name = main.m; path = AndyWarholAccessibilityProject/main.m; sourceTree = "<group>"; };
		146833FF1AC3E56700842450 /* React.xcodeproj */ = {isa = PBXFileReference; lastKnownFileType = "wrapper.pb-project"; name = React.xcodeproj; path = "../node_modules/react-native/React/React.xcodeproj"; sourceTree = "<group>"; };
		2269C6073CFD2C7947542405 /* Pods-AndyWarholAccessibilityProject.release.xcconfig */ = {isa = PBXFileReference; includeInIndex = 1; lastKnownFileType = text.xcconfig; name = "Pods-AndyWarholAccessibilityProject.release.xcconfig"; path = "Pods/Target Support Files/Pods-AndyWarholAccessibilityProject/Pods-AndyWarholAccessibilityProject.release.xcconfig"; sourceTree = "<group>"; };
		2D260585236149398895A4E6 /* libRealmReact.a */ = {isa = PBXFileReference; explicitFileType = undefined; fileEncoding = 9; includeInIndex = 0; lastKnownFileType = archive.ar; path = libRealmReact.a; sourceTree = "<group>"; };
		3219C0DA1DA42D6300A14415 /* Settings.bundle */ = {isa = PBXFileReference; lastKnownFileType = "wrapper.plug-in"; path = Settings.bundle; sourceTree = "<group>"; };
		3264D3F01E6DAA1600FE083B /* college.png */ = {isa = PBXFileReference; lastKnownFileType = image.png; path = college.png; sourceTree = "<group>"; };
		3264D3F21E6DAE2700FE083B /* Beck_Jessica_College-Years_Introduction.mp3 */ = {isa = PBXFileReference; lastKnownFileType = audio.mp3; path = "Beck_Jessica_College-Years_Introduction.mp3"; sourceTree = "<group>"; };
		3264D3F31E6DAE2700FE083B /* CollegeYears_Visual_ThreeFigures.mp3 */ = {isa = PBXFileReference; lastKnownFileType = audio.mp3; path = CollegeYears_Visual_ThreeFigures.mp3; sourceTree = "<group>"; };
		3264D3F41E6DAE2700FE083B /* Pearlstein_HowDoesItFeelToBeFamous.mp3 */ = {isa = PBXFileReference; lastKnownFileType = audio.mp3; path = Pearlstein_HowDoesItFeelToBeFamous.mp3; sourceTree = "<group>"; };
		3264D3F51E6DAE2700FE083B /* Warhola_Donald_NeighborhoodWatch.mp3 */ = {isa = PBXFileReference; lastKnownFileType = audio.mp3; path = Warhola_Donald_NeighborhoodWatch.mp3; sourceTree = "<group>"; };
		3264D3FA1E6DB56500FE083B /* Warhola_Donald-Julia_FoldingScreen-v2.mp3 */ = {isa = PBXFileReference; lastKnownFileType = audio.mp3; path = "Warhola_Donald-Julia_FoldingScreen-v2.mp3"; sourceTree = "<group>"; };
		32A7B7591DE4D39E00407F48 /* boyBook.png */ = {isa = PBXFileReference; lastKnownFileType = image.png; path = boyBook.png; sourceTree = "<group>"; };
		32A7B75B1DE4D54800407F48 /* BoyBook_GettingSerious.mp3 */ = {isa = PBXFileReference; lastKnownFileType = audio.mp3; path = BoyBook_GettingSerious.mp3; sourceTree = "<group>"; };
		32A7B75C1DE4D54800407F48 /* BoyBook_UnidentifiedMale_VisualDescription.mp3 */ = {isa = PBXFileReference; lastKnownFileType = audio.mp3; path = BoyBook_UnidentifiedMale_VisualDescription.mp3; sourceTree = "<group>"; };
		32A7B75D1DE4D54800407F48 /* BoyBook_Introduction.mp3 */ = {isa = PBXFileReference; lastKnownFileType = audio.mp3; path = BoyBook_Introduction.mp3; sourceTree = "<group>"; };
		32CADB291D709A39006122E5 /* andyAndJulia.png */ = {isa = PBXFileReference; lastKnownFileType = image.png; path = andyAndJulia.png; sourceTree = "<group>"; };
		32CADB2B1D709A39006122E5 /* blottedLineStill.png */ = {isa = PBXFileReference; lastKnownFileType = image.png; path = blottedLineStill.png; sourceTree = "<group>"; };
		32CADB2C1D709A39006122E5 /* campbells.png */ = {isa = PBXFileReference; lastKnownFileType = image.png; path = campbells.png; sourceTree = "<group>"; };
		32CADB2D1D709A39006122E5 /* childhood.png */ = {isa = PBXFileReference; lastKnownFileType = image.png; path = childhood.png; sourceTree = "<group>"; };
		32CADB2E1D709A39006122E5 /* cocaCola.png */ = {isa = PBXFileReference; lastKnownFileType = image.png; path = cocaCola.png; sourceTree = "<group>"; };
		32CADB301D709A39006122E5 /* commercialWork.png */ = {isa = PBXFileReference; lastKnownFileType = image.png; path = commercialWork.png; sourceTree = "<group>"; };
		32CADB311D709A39006122E5 /* earlyYears.png */ = {isa = PBXFileReference; lastKnownFileType = image.png; path = earlyYears.png; sourceTree = "<group>"; };
		32CADB321D709A39006122E5 /* lobbySpace.png */ = {isa = PBXFileReference; lastKnownFileType = image.png; path = lobbySpace.png; sourceTree = "<group>"; };
		32CADB331D709A39006122E5 /* museumBackground.png */ = {isa = PBXFileReference; lastKnownFileType = image.png; path = museumBackground.png; sourceTree = "<group>"; };
		32CADB341D709A39006122E5 /* newYork.png */ = {isa = PBXFileReference; lastKnownFileType = image.png; path = newYork.png; sourceTree = "<group>"; };
		32CADB441D709AC3006122E5 /* AndyAndJulia_visual.mp3 */ = {isa = PBXFileReference; lastKnownFileType = audio.mp3; path = AndyAndJulia_visual.mp3; sourceTree = "<group>"; };
		32CADB481D709AC3006122E5 /* Beck_Jessica_New-York_Commercial-Fine-Art.mp3 */ = {isa = PBXFileReference; lastKnownFileType = audio.mp3; path = "Beck_Jessica_New-York_Commercial-Fine-Art.mp3"; sourceTree = "<group>"; };
		32CADB491D709AC3006122E5 /* Beck_Jessica_New-York_Introduction.mp3 */ = {isa = PBXFileReference; lastKnownFileType = audio.mp3; path = "Beck_Jessica_New-York_Introduction.mp3"; sourceTree = "<group>"; };
		32CADB4A1D709AC3006122E5 /* Beck_Jessica_New-York_Persona.mp3 */ = {isa = PBXFileReference; lastKnownFileType = audio.mp3; path = "Beck_Jessica_New-York_Persona.mp3"; sourceTree = "<group>"; };
		32CADB4B1D709AC3006122E5 /* Beck_Jessica_New-York_Success.mp3 */ = {isa = PBXFileReference; lastKnownFileType = audio.mp3; path = "Beck_Jessica_New-York_Success.mp3"; sourceTree = "<group>"; };
		32CADB4C1D709AC3006122E5 /* Blotted-Line_Collaboration_v2.mp3 */ = {isa = PBXFileReference; lastKnownFileType = audio.mp3; path = "Blotted-Line_Collaboration_v2.mp3"; sourceTree = "<group>"; };
		32CADB4D1D709AC3006122E5 /* Blotted-Line_Commercial_to_fine.mp3 */ = {isa = PBXFileReference; lastKnownFileType = audio.mp3; path = "Blotted-Line_Commercial_to_fine.mp3"; sourceTree = "<group>"; };
		32CADB4E1D709AC3006122E5 /* Blotted-Line_Introduction_v2.mp3 */ = {isa = PBXFileReference; lastKnownFileType = audio.mp3; path = "Blotted-Line_Introduction_v2.mp3"; sourceTree = "<group>"; };
		32CADB4F1D709AC3006122E5 /* Blotted-Line_Process_v2.mp3 */ = {isa = PBXFileReference; lastKnownFileType = audio.mp3; path = "Blotted-Line_Process_v2.mp3"; sourceTree = "<group>"; };
		32CADB501D709AC3006122E5 /* Campbells_Visual.mp3 */ = {isa = PBXFileReference; lastKnownFileType = audio.mp3; path = Campbells_Visual.mp3; sourceTree = "<group>"; };
		32CADB511D709AC3006122E5 /* Childhood_Visual.mp3 */ = {isa = PBXFileReference; lastKnownFileType = audio.mp3; path = Childhood_Visual.mp3; sourceTree = "<group>"; };
		32CADB521D709AC3006122E5 /* CocaCola_Tactile_Visual.mp3 */ = {isa = PBXFileReference; lastKnownFileType = audio.mp3; path = CocaCola_Tactile_Visual.mp3; sourceTree = "<group>"; };
		32CADB531D709AC3006122E5 /* CocaCola_Visual.mp3 */ = {isa = PBXFileReference; lastKnownFileType = audio.mp3; path = CocaCola_Visual.mp3; sourceTree = "<group>"; };
		32CADB561D709AC3006122E5 /* Diaz_Jose-Coke-Hand_Painted_Pop.mp3 */ = {isa = PBXFileReference; lastKnownFileType = audio.mp3; path = "Diaz_Jose-Coke-Hand_Painted_Pop.mp3"; sourceTree = "<group>"; };
		32CADB571D709AC3006122E5 /* Diaz_Jose-Commercial_Art-I_Miller.mp3 */ = {isa = PBXFileReference; lastKnownFileType = audio.mp3; path = "Diaz_Jose-Commercial_Art-I_Miller.mp3"; sourceTree = "<group>"; };
		32CADB581D709AC3006122E5 /* Diaz_Jose-Commercial_Art-Intro.mp3 */ = {isa = PBXFileReference; lastKnownFileType = audio.mp3; path = "Diaz_Jose-Commercial_Art-Intro.mp3"; sourceTree = "<group>"; };
		32CADB5F1D709AC3006122E5 /* Marsden_Grace_Campbells_Introduction.mp3 */ = {isa = PBXFileReference; lastKnownFileType = audio.mp3; path = Marsden_Grace_Campbells_Introduction.mp3; sourceTree = "<group>"; };
		32CADB601D709AC3006122E5 /* Marsden_Grace_Campbells_Torn.mp3 */ = {isa = PBXFileReference; lastKnownFileType = audio.mp3; path = Marsden_Grace_Campbells_Torn.mp3; sourceTree = "<group>"; };
		32CADB611D709AC3006122E5 /* Marsden_Grace_Coca-Cola_Expressionist_elements.mp3 */ = {isa = PBXFileReference; lastKnownFileType = audio.mp3; path = "Marsden_Grace_Coca-Cola_Expressionist_elements.mp3"; sourceTree = "<group>"; };
		32CADB621D709AC3006122E5 /* Marsden_Grace_Coca-Cola_Introduction.mp3 */ = {isa = PBXFileReference; lastKnownFileType = audio.mp3; path = "Marsden_Grace_Coca-Cola_Introduction.mp3"; sourceTree = "<group>"; };
		32CADB631D709AC3006122E5 /* Marsden_Grace_Coca-Cola_Mass-Appeal.mp3 */ = {isa = PBXFileReference; lastKnownFileType = audio.mp3; path = "Marsden_Grace_Coca-Cola_Mass-Appeal.mp3"; sourceTree = "<group>"; };
		32CADB651D709AC3006122E5 /* Pearlstein_Moving_to_NYC.mp3 */ = {isa = PBXFileReference; lastKnownFileType = audio.mp3; path = Pearlstein_Moving_to_NYC.mp3; sourceTree = "<group>"; };
		32CADB661D709AC3006122E5 /* PittsburghNewYork_VIsual.mp3 */ = {isa = PBXFileReference; lastKnownFileType = audio.mp3; path = PittsburghNewYork_VIsual.mp3; sourceTree = "<group>"; };
		32CADB671D709AC3006122E5 /* Singelis_Campbells.mp3 */ = {isa = PBXFileReference; lastKnownFileType = audio.mp3; path = Singelis_Campbells.mp3; sourceTree = "<group>"; };
		32CADB681D709AC3006122E5 /* Singelis_Walks_in_NewYork.mp3 */ = {isa = PBXFileReference; lastKnownFileType = audio.mp3; path = Singelis_Walks_in_NewYork.mp3; sourceTree = "<group>"; };
		32CADB691D709AC3006122E5 /* TactileCocaCola_Tactile.mp3 */ = {isa = PBXFileReference; lastKnownFileType = audio.mp3; path = TactileCocaCola_Tactile.mp3; sourceTree = "<group>"; };
		32CADB6A1D709AC3006122E5 /* TactileFemaleFashionFigure_Tactile.mp3 */ = {isa = PBXFileReference; lastKnownFileType = audio.mp3; path = TactileFemaleFashionFigure_Tactile.mp3; sourceTree = "<group>"; };
		32CADB6B1D709AC3006122E5 /* TactileFemaleFashionFigure_Visual.mp3 */ = {isa = PBXFileReference; lastKnownFileType = audio.mp3; path = TactileFemaleFashionFigure_Visual.mp3; sourceTree = "<group>"; };
		32CADB6C1D709AC3006122E5 /* TactileRecliningMaleTorso_Tactile.mp3 */ = {isa = PBXFileReference; lastKnownFileType = audio.mp3; path = TactileRecliningMaleTorso_Tactile.mp3; sourceTree = "<group>"; };
		32CADB6D1D709AC3006122E5 /* TactileRecliningMaleTorso_Visual.mp3 */ = {isa = PBXFileReference; lastKnownFileType = audio.mp3; path = TactileRecliningMaleTorso_Visual.mp3; sourceTree = "<group>"; };
		32CADB6E1D709AC3006122E5 /* Warhola_Donald_7th-Floor-Overview.mp3 */ = {isa = PBXFileReference; lastKnownFileType = audio.mp3; path = "Warhola_Donald_7th-Floor-Overview.mp3"; sourceTree = "<group>"; };
		32CADB6F1D709AC3006122E5 /* Warhola_Donald_Childhood_Carpatho-Rusyn.mp3 */ = {isa = PBXFileReference; lastKnownFileType = audio.mp3; path = "Warhola_Donald_Childhood_Carpatho-Rusyn.mp3"; sourceTree = "<group>"; };
		32CADB701D709AC3006122E5 /* Warhola_Donald_Childhood_Family_portrait.mp3 */ = {isa = PBXFileReference; lastKnownFileType = audio.mp3; path = Warhola_Donald_Childhood_Family_portrait.mp3; sourceTree = "<group>"; };
		32CADB711D709AC3006122E5 /* Warhola_Donald_Childhood_Growing_Up_in_the_Depression.mp3 */ = {isa = PBXFileReference; lastKnownFileType = audio.mp3; path = Warhola_Donald_Childhood_Growing_Up_in_the_Depression.mp3; sourceTree = "<group>"; };
		32CADB721D709AC3006122E5 /* Warhola_Donald_Childhood_Warhola_Family.mp3 */ = {isa = PBXFileReference; lastKnownFileType = audio.mp3; path = Warhola_Donald_Childhood_Warhola_Family.mp3; sourceTree = "<group>"; };
		32CADB741D709AC3006122E5 /* Warhola_Donald_Julia_Mothers_Influence.mp3 */ = {isa = PBXFileReference; lastKnownFileType = audio.mp3; path = Warhola_Donald_Julia_Mothers_Influence.mp3; sourceTree = "<group>"; };
		32CADB751D709AC3006122E5 /* Warhola_Donald_Julia_Prayer.mp3 */ = {isa = PBXFileReference; lastKnownFileType = audio.mp3; path = Warhola_Donald_Julia_Prayer.mp3; sourceTree = "<group>"; };
		32CADB761D709AC3006122E5 /* Warhola_Donald_Julia_Signature_style.mp3 */ = {isa = PBXFileReference; lastKnownFileType = audio.mp3; path = Warhola_Donald_Julia_Signature_style.mp3; sourceTree = "<group>"; };
		32CADB771D709AC3006122E5 /* Warhola_Donald_Julia_The_Boss_Is_Going.mp3 */ = {isa = PBXFileReference; lastKnownFileType = audio.mp3; path = Warhola_Donald_Julia_The_Boss_Is_Going.mp3; sourceTree = "<group>"; };
		32CADB781D709AC3006122E5 /* Warhola_Donald-Childhood_Introduction.mp3 */ = {isa = PBXFileReference; lastKnownFileType = audio.mp3; path = "Warhola_Donald-Childhood_Introduction.mp3"; sourceTree = "<group>"; };
		32CADB791D709AC3006122E5 /* Warhola_Donald-Julia_Introduction.mp3 */ = {isa = PBXFileReference; lastKnownFileType = audio.mp3; path = "Warhola_Donald-Julia_Introduction.mp3"; sourceTree = "<group>"; };
		32CADB7A1D709AC3006122E5 /* Warhola_John_Movie_Projector-v2.mp3 */ = {isa = PBXFileReference; lastKnownFileType = audio.mp3; path = "Warhola_John_Movie_Projector-v2.mp3"; sourceTree = "<group>"; };
		32CADB7B1D709AC3006122E5 /* Warhola_Julia_Folksong.mp3 */ = {isa = PBXFileReference; lastKnownFileType = audio.mp3; path = Warhola_Julia_Folksong.mp3; sourceTree = "<group>"; };
		32CADBB61D709B14006122E5 /* AndyWarholAccessibilityProject-Bridging-Header.h */ = {isa = PBXFileReference; lastKnownFileType = sourcecode.c.h; path = "AndyWarholAccessibilityProject-Bridging-Header.h"; sourceTree = "<group>"; };
		32CADBB71D709B15006122E5 /* CMSAccessibilityManager.swift */ = {isa = PBXFileReference; fileEncoding = 4; lastKnownFileType = sourcecode.swift; path = CMSAccessibilityManager.swift; sourceTree = "<group>"; };
		32CADBB81D709B15006122E5 /* CMSAccessibilityManagerBridge.m */ = {isa = PBXFileReference; fileEncoding = 4; lastKnownFileType = sourcecode.c.objc; path = CMSAccessibilityManagerBridge.m; sourceTree = "<group>"; };
		32CADBB91D709B15006122E5 /* CMSAudioManager.swift */ = {isa = PBXFileReference; fileEncoding = 4; lastKnownFileType = sourcecode.swift; path = CMSAudioManager.swift; sourceTree = "<group>"; };
		32CADBBA1D709B15006122E5 /* CMSAudioManagerBridge.m */ = {isa = PBXFileReference; fileEncoding = 4; lastKnownFileType = sourcecode.c.objc; path = CMSAudioManagerBridge.m; sourceTree = "<group>"; };
		32CADBBB1D709B15006122E5 /* CMSBeaconManager.swift */ = {isa = PBXFileReference; fileEncoding = 4; lastKnownFileType = sourcecode.swift; path = CMSBeaconManager.swift; sourceTree = "<group>"; };
		32CADBBC1D709B15006122E5 /* CMSBeaconManagerBridge.m */ = {isa = PBXFileReference; fileEncoding = 4; lastKnownFileType = sourcecode.c.objc; path = CMSBeaconManagerBridge.m; sourceTree = "<group>"; };
		32DADA851DBA96DD003D00DE /* Tactile-Coca-Cola.png */ = {isa = PBXFileReference; lastKnownFileType = image.png; path = "Tactile-Coca-Cola.png"; sourceTree = "<group>"; };
		32DADA861DBA96DD003D00DE /* Tactile-Female_Fashion_Figure.png */ = {isa = PBXFileReference; lastKnownFileType = image.png; path = "Tactile-Female_Fashion_Figure.png"; sourceTree = "<group>"; };
		32DADA871DBA96DD003D00DE /* Tactile-Reclining_Male_Torso.png */ = {isa = PBXFileReference; lastKnownFileType = image.png; path = "Tactile-Reclining_Male_Torso.png"; sourceTree = "<group>"; };
		32E203001DC88AE90079C55C /* CoreData.framework */ = {isa = PBXFileReference; lastKnownFileType = wrapper.framework; name = CoreData.framework; path = System/Library/Frameworks/CoreData.framework; sourceTree = SDKROOT; };
		32E203021DC88AF90079C55C /* SystemConfiguration.framework */ = {isa = PBXFileReference; lastKnownFileType = wrapper.framework; name = SystemConfiguration.framework; path = System/Library/Frameworks/SystemConfiguration.framework; sourceTree = SDKROOT; };
		32E203041DC88B190079C55C /* libsqlite3.0.tbd */ = {isa = PBXFileReference; lastKnownFileType = "sourcecode.text-based-dylib-definition"; name = libsqlite3.0.tbd; path = usr/lib/libsqlite3.0.tbd; sourceTree = SDKROOT; };
		32ECA26F1E27E8F100416736 /* VisualDescription_Shoe.mp3 */ = {isa = PBXFileReference; lastKnownFileType = audio.mp3; path = VisualDescription_Shoe.mp3; sourceTree = "<group>"; };
		3E3EB3C879304F519391D452 /* RCTGoogleAnalyticsBridge.xcodeproj */ = {isa = PBXFileReference; explicitFileType = undefined; fileEncoding = 9; includeInIndex = 0; lastKnownFileType = "wrapper.pb-project"; name = RCTGoogleAnalyticsBridge.xcodeproj; path = "../node_modules/react-native-google-analytics-bridge/ios/RCTGoogleAnalyticsBridge/RCTGoogleAnalyticsBridge.xcodeproj"; sourceTree = "<group>"; };
		5DE6AA1E78184C068BD5FFD2 /* RealmReact.xcodeproj */ = {isa = PBXFileReference; explicitFileType = undefined; fileEncoding = 9; includeInIndex = 0; lastKnownFileType = "wrapper.pb-project"; name = RealmReact.xcodeproj; path = "../node_modules/realm/react-native/ios/RealmReact.xcodeproj"; sourceTree = "<group>"; };
		6D6553A0A1BB4AC796F299D1 /* RNDeviceInfo.xcodeproj */ = {isa = PBXFileReference; explicitFileType = undefined; fileEncoding = 9; includeInIndex = 0; lastKnownFileType = "wrapper.pb-project"; name = RNDeviceInfo.xcodeproj; path = "../node_modules/react-native-device-info/RNDeviceInfo.xcodeproj"; sourceTree = "<group>"; };
		78C398B01ACF4ADC00677621 /* RCTLinking.xcodeproj */ = {isa = PBXFileReference; lastKnownFileType = "wrapper.pb-project"; name = RCTLinking.xcodeproj; path = "../node_modules/react-native/Libraries/LinkingIOS/RCTLinking.xcodeproj"; sourceTree = "<group>"; };
		832341B01AAA6A8300B99B32 /* RCTText.xcodeproj */ = {isa = PBXFileReference; lastKnownFileType = "wrapper.pb-project"; name = RCTText.xcodeproj; path = "../node_modules/react-native/Libraries/Text/RCTText.xcodeproj"; sourceTree = "<group>"; };
		95AFA373C9D0BDC4AEFE09E8 /* Pods-AndyWarholAccessibilityProject.debug.xcconfig */ = {isa = PBXFileReference; includeInIndex = 1; lastKnownFileType = text.xcconfig; name = "Pods-AndyWarholAccessibilityProject.debug.xcconfig"; path = "Pods/Target Support Files/Pods-AndyWarholAccessibilityProject/Pods-AndyWarholAccessibilityProject.debug.xcconfig"; sourceTree = "<group>"; };
		AC665411C24E4CF6A5C2773D /* libz.tbd */ = {isa = PBXFileReference; explicitFileType = undefined; fileEncoding = 9; includeInIndex = 0; lastKnownFileType = "sourcecode.text-based-dylib-definition"; name = libz.tbd; path = usr/lib/libz.tbd; sourceTree = SDKROOT; };
		B41FF1C7176CF695511DE78D /* Pods_AndyWarholAccessibilityProject.framework */ = {isa = PBXFileReference; explicitFileType = wrapper.framework; includeInIndex = 0; path = Pods_AndyWarholAccessibilityProject.framework; sourceTree = BUILT_PRODUCTS_DIR; };
		B991F4038E0A48CCB38481C8 /* libRCTGoogleAnalyticsBridge.a */ = {isa = PBXFileReference; explicitFileType = undefined; fileEncoding = 9; includeInIndex = 0; lastKnownFileType = archive.ar; path = libRCTGoogleAnalyticsBridge.a; sourceTree = "<group>"; };
		DA9653058D874183A3A559DA /* libc++.tbd */ = {isa = PBXFileReference; explicitFileType = undefined; fileEncoding = 9; includeInIndex = 0; lastKnownFileType = "sourcecode.text-based-dylib-definition"; name = "libc++.tbd"; path = "usr/lib/libc++.tbd"; sourceTree = SDKROOT; };
		DBB1D3D947CE4DEC804D02F2 /* libRNDeviceInfo.a */ = {isa = PBXFileReference; explicitFileType = undefined; fileEncoding = 9; includeInIndex = 0; lastKnownFileType = archive.ar; path = libRNDeviceInfo.a; sourceTree = "<group>"; };
/* End PBXFileReference section */

/* Begin PBXFrameworksBuildPhase section */
		13B07F8C1A680F5B00A75B9A /* Frameworks */ = {
			isa = PBXFrameworksBuildPhase;
			buildActionMask = 2147483647;
			files = (
				32E203051DC88B190079C55C /* libsqlite3.0.tbd in Frameworks */,
				89DB25260881405EB749C488 /* libz.tbd in Frameworks */,
				32E203031DC88AF90079C55C /* SystemConfiguration.framework in Frameworks */,
				32E203011DC88AE90079C55C /* CoreData.framework in Frameworks */,
				146834051AC3E58100842450 /* libReact.a in Frameworks */,
				00C302E51ABCBA2D00DB3ED1 /* libRCTActionSheet.a in Frameworks */,
				00C302E71ABCBA2D00DB3ED1 /* libRCTGeolocation.a in Frameworks */,
				00C302E81ABCBA2D00DB3ED1 /* libRCTImage.a in Frameworks */,
				133E29F31AD74F7200F7D852 /* libRCTLinking.a in Frameworks */,
				00C302E91ABCBA2D00DB3ED1 /* libRCTNetwork.a in Frameworks */,
				139105C61AF99C1200B5F7CC /* libRCTSettings.a in Frameworks */,
				832341BD1AAA6AB300B99B32 /* libRCTText.a in Frameworks */,
				00C302EA1ABCBA2D00DB3ED1 /* libRCTVibration.a in Frameworks */,
				139FDEF61B0652A700C62182 /* libRCTWebSocket.a in Frameworks */,
				633BA1BC7B8F408A96F0F333 /* libRNDeviceInfo.a in Frameworks */,
				F69CF019DCD14030BF6E6846 /* libRealmReact.a in Frameworks */,
				498E19D7529C4582BD5F2D5D /* libc++.tbd in Frameworks */,
				FA520F5123227F6EF74BC023 /* Pods_AndyWarholAccessibilityProject.framework in Frameworks */,
				8C5FAA5343744AA884971758 /* libRCTGoogleAnalyticsBridge.a in Frameworks */,
			);
			runOnlyForDeploymentPostprocessing = 0;
		};
/* End PBXFrameworksBuildPhase section */

/* Begin PBXGroup section */
		00C302A81ABCB8CE00DB3ED1 /* Products */ = {
			isa = PBXGroup;
			children = (
				00C302AC1ABCB8CE00DB3ED1 /* libRCTActionSheet.a */,
			);
			name = Products;
			sourceTree = "<group>";
		};
		00C302B61ABCB90400DB3ED1 /* Products */ = {
			isa = PBXGroup;
			children = (
				00C302BA1ABCB90400DB3ED1 /* libRCTGeolocation.a */,
			);
			name = Products;
			sourceTree = "<group>";
		};
		00C302BC1ABCB91800DB3ED1 /* Products */ = {
			isa = PBXGroup;
			children = (
				00C302C01ABCB91800DB3ED1 /* libRCTImage.a */,
			);
			name = Products;
			sourceTree = "<group>";
		};
		00C302D41ABCB9D200DB3ED1 /* Products */ = {
			isa = PBXGroup;
			children = (
				00C302DC1ABCB9D200DB3ED1 /* libRCTNetwork.a */,
			);
			name = Products;
			sourceTree = "<group>";
		};
		00C302E01ABCB9EE00DB3ED1 /* Products */ = {
			isa = PBXGroup;
			children = (
				00C302E41ABCB9EE00DB3ED1 /* libRCTVibration.a */,
			);
			name = Products;
			sourceTree = "<group>";
		};
		139105B71AF99BAD00B5F7CC /* Products */ = {
			isa = PBXGroup;
			children = (
				139105C11AF99BAD00B5F7CC /* libRCTSettings.a */,
			);
			name = Products;
			sourceTree = "<group>";
		};
		139FDEE71B06529A00C62182 /* Products */ = {
			isa = PBXGroup;
			children = (
				139FDEF41B06529B00C62182 /* libRCTWebSocket.a */,
			);
			name = Products;
			sourceTree = "<group>";
		};
		13B07FAE1A68108700A75B9A /* AndyWarholAccessibilityProject */ = {
			isa = PBXGroup;
			children = (
				32CADB431D709A3D006122E5 /* audio */,
				32CADB281D709A30006122E5 /* images */,
				3219C0DA1DA42D6300A14415 /* Settings.bundle */,
				008F07F21AC5B25A0029DE68 /* main.jsbundle */,
				13B07FAF1A68108700A75B9A /* AppDelegate.h */,
				13B07FB01A68108700A75B9A /* AppDelegate.m */,
				13B07FB51A68108700A75B9A /* Images.xcassets */,
				13B07FB61A68108700A75B9A /* Info.plist */,
				13B07FB71A68108700A75B9A /* main.m */,
				32CADBB61D709B14006122E5 /* AndyWarholAccessibilityProject-Bridging-Header.h */,
			);
			name = AndyWarholAccessibilityProject;
			sourceTree = "<group>";
		};
		146834001AC3E56700842450 /* Products */ = {
			isa = PBXGroup;
			children = (
				146834041AC3E56700842450 /* libReact.a */,
			);
			name = Products;
			sourceTree = "<group>";
		};
		32CADB281D709A30006122E5 /* images */ = {
			isa = PBXGroup;
			children = (
				3264D3F01E6DAA1600FE083B /* college.png */,
				32CADB291D709A39006122E5 /* andyAndJulia.png */,
				32CADB2B1D709A39006122E5 /* blottedLineStill.png */,
				32CADB2C1D709A39006122E5 /* campbells.png */,
				32CADB2D1D709A39006122E5 /* childhood.png */,
				32CADB2E1D709A39006122E5 /* cocaCola.png */,
				32A7B7591DE4D39E00407F48 /* boyBook.png */,
				32CADB301D709A39006122E5 /* commercialWork.png */,
				32CADB311D709A39006122E5 /* earlyYears.png */,
				32CADB321D709A39006122E5 /* lobbySpace.png */,
				32DADA851DBA96DD003D00DE /* Tactile-Coca-Cola.png */,
				32DADA861DBA96DD003D00DE /* Tactile-Female_Fashion_Figure.png */,
				32DADA871DBA96DD003D00DE /* Tactile-Reclining_Male_Torso.png */,
				32CADB331D709A39006122E5 /* museumBackground.png */,
				32CADB341D709A39006122E5 /* newYork.png */,
			);
			name = images;
			sourceTree = "<group>";
		};
		32CADB431D709A3D006122E5 /* audio */ = {
			isa = PBXGroup;
			children = (
				3264D3FA1E6DB56500FE083B /* Warhola_Donald-Julia_FoldingScreen-v2.mp3 */,
				3264D3F21E6DAE2700FE083B /* Beck_Jessica_College-Years_Introduction.mp3 */,
				3264D3F31E6DAE2700FE083B /* CollegeYears_Visual_ThreeFigures.mp3 */,
				3264D3F41E6DAE2700FE083B /* Pearlstein_HowDoesItFeelToBeFamous.mp3 */,
				3264D3F51E6DAE2700FE083B /* Warhola_Donald_NeighborhoodWatch.mp3 */,
				32ECA26F1E27E8F100416736 /* VisualDescription_Shoe.mp3 */,
				32CADB441D709AC3006122E5 /* AndyAndJulia_visual.mp3 */,
				32CADB481D709AC3006122E5 /* Beck_Jessica_New-York_Commercial-Fine-Art.mp3 */,
				32CADB491D709AC3006122E5 /* Beck_Jessica_New-York_Introduction.mp3 */,
				32CADB4A1D709AC3006122E5 /* Beck_Jessica_New-York_Persona.mp3 */,
				32CADB4B1D709AC3006122E5 /* Beck_Jessica_New-York_Success.mp3 */,
				32CADB4C1D709AC3006122E5 /* Blotted-Line_Collaboration_v2.mp3 */,
				32CADB4D1D709AC3006122E5 /* Blotted-Line_Commercial_to_fine.mp3 */,
				32CADB4E1D709AC3006122E5 /* Blotted-Line_Introduction_v2.mp3 */,
				32CADB4F1D709AC3006122E5 /* Blotted-Line_Process_v2.mp3 */,
				32CADB501D709AC3006122E5 /* Campbells_Visual.mp3 */,
				32CADB511D709AC3006122E5 /* Childhood_Visual.mp3 */,
				32CADB521D709AC3006122E5 /* CocaCola_Tactile_Visual.mp3 */,
				32CADB531D709AC3006122E5 /* CocaCola_Visual.mp3 */,
				32CADB561D709AC3006122E5 /* Diaz_Jose-Coke-Hand_Painted_Pop.mp3 */,
				32CADB571D709AC3006122E5 /* Diaz_Jose-Commercial_Art-I_Miller.mp3 */,
				32CADB581D709AC3006122E5 /* Diaz_Jose-Commercial_Art-Intro.mp3 */,
				32CADB5F1D709AC3006122E5 /* Marsden_Grace_Campbells_Introduction.mp3 */,
				32CADB601D709AC3006122E5 /* Marsden_Grace_Campbells_Torn.mp3 */,
				32CADB611D709AC3006122E5 /* Marsden_Grace_Coca-Cola_Expressionist_elements.mp3 */,
				32CADB621D709AC3006122E5 /* Marsden_Grace_Coca-Cola_Introduction.mp3 */,
				32CADB631D709AC3006122E5 /* Marsden_Grace_Coca-Cola_Mass-Appeal.mp3 */,
				32CADB651D709AC3006122E5 /* Pearlstein_Moving_to_NYC.mp3 */,
				32CADB661D709AC3006122E5 /* PittsburghNewYork_VIsual.mp3 */,
				32CADB671D709AC3006122E5 /* Singelis_Campbells.mp3 */,
				32CADB681D709AC3006122E5 /* Singelis_Walks_in_NewYork.mp3 */,
				32CADB691D709AC3006122E5 /* TactileCocaCola_Tactile.mp3 */,
				32A7B75B1DE4D54800407F48 /* BoyBook_GettingSerious.mp3 */,
				32A7B75C1DE4D54800407F48 /* BoyBook_UnidentifiedMale_VisualDescription.mp3 */,
				32A7B75D1DE4D54800407F48 /* BoyBook_Introduction.mp3 */,
				32CADB6A1D709AC3006122E5 /* TactileFemaleFashionFigure_Tactile.mp3 */,
				32CADB6B1D709AC3006122E5 /* TactileFemaleFashionFigure_Visual.mp3 */,
				32CADB6C1D709AC3006122E5 /* TactileRecliningMaleTorso_Tactile.mp3 */,
				32CADB6D1D709AC3006122E5 /* TactileRecliningMaleTorso_Visual.mp3 */,
				32CADB6E1D709AC3006122E5 /* Warhola_Donald_7th-Floor-Overview.mp3 */,
				32CADB6F1D709AC3006122E5 /* Warhola_Donald_Childhood_Carpatho-Rusyn.mp3 */,
				32CADB701D709AC3006122E5 /* Warhola_Donald_Childhood_Family_portrait.mp3 */,
				32CADB711D709AC3006122E5 /* Warhola_Donald_Childhood_Growing_Up_in_the_Depression.mp3 */,
				32CADB721D709AC3006122E5 /* Warhola_Donald_Childhood_Warhola_Family.mp3 */,
				32CADB741D709AC3006122E5 /* Warhola_Donald_Julia_Mothers_Influence.mp3 */,
				32CADB751D709AC3006122E5 /* Warhola_Donald_Julia_Prayer.mp3 */,
				32CADB761D709AC3006122E5 /* Warhola_Donald_Julia_Signature_style.mp3 */,
				32CADB771D709AC3006122E5 /* Warhola_Donald_Julia_The_Boss_Is_Going.mp3 */,
				32CADB781D709AC3006122E5 /* Warhola_Donald-Childhood_Introduction.mp3 */,
				32CADB791D709AC3006122E5 /* Warhola_Donald-Julia_Introduction.mp3 */,
				32CADB7A1D709AC3006122E5 /* Warhola_John_Movie_Projector-v2.mp3 */,
				32CADB7B1D709AC3006122E5 /* Warhola_Julia_Folksong.mp3 */,
			);
			name = audio;
			sourceTree = "<group>";
		};
		32CADBC31D709B25006122E5 /* Native Modules */ = {
			isa = PBXGroup;
			children = (
				32CADBC41D709B33006122E5 /* CMSAccessibilityManager */,
				32CADBC51D709B3C006122E5 /* CMSAudioManager */,
				32CADBC61D709B45006122E5 /* CMSBeaconManager */,
			);
			name = "Native Modules";
			sourceTree = "<group>";
		};
		32CADBC41D709B33006122E5 /* CMSAccessibilityManager */ = {
			isa = PBXGroup;
			children = (
				32CADBB71D709B15006122E5 /* CMSAccessibilityManager.swift */,
				32CADBB81D709B15006122E5 /* CMSAccessibilityManagerBridge.m */,
			);
			name = CMSAccessibilityManager;
			sourceTree = "<group>";
		};
		32CADBC51D709B3C006122E5 /* CMSAudioManager */ = {
			isa = PBXGroup;
			children = (
				32CADBB91D709B15006122E5 /* CMSAudioManager.swift */,
				32CADBBA1D709B15006122E5 /* CMSAudioManagerBridge.m */,
			);
			name = CMSAudioManager;
			sourceTree = "<group>";
		};
		32CADBC61D709B45006122E5 /* CMSBeaconManager */ = {
			isa = PBXGroup;
			children = (
				32CADBBB1D709B15006122E5 /* CMSBeaconManager.swift */,
				32CADBBC1D709B15006122E5 /* CMSBeaconManagerBridge.m */,
			);
			name = CMSBeaconManager;
			sourceTree = "<group>";
		};
		32CADBD21D709B54006122E5 /* Products */ = {
			isa = PBXGroup;
			children = (
				32CADBE01D709B54006122E5 /* libRealmReact.a */,
			);
			name = Products;
			sourceTree = "<group>";
		};
		32CADBE61D709B54006122E5 /* Products */ = {
			isa = PBXGroup;
			children = (
				32CADBEA1D709B54006122E5 /* libRNDeviceInfo.a */,
			);
			name = Products;
			sourceTree = "<group>";
		};
		32CBCBBC1F336064001E6105 /* Recovered References */ = {
			isa = PBXGroup;
			children = (
				DBB1D3D947CE4DEC804D02F2 /* libRNDeviceInfo.a */,
				2D260585236149398895A4E6 /* libRealmReact.a */,
				B991F4038E0A48CCB38481C8 /* libRCTGoogleAnalyticsBridge.a */,
			);
			name = "Recovered References";
			sourceTree = "<group>";
		};
		32E202EF1DC88AB60079C55C /* Products */ = {
			isa = PBXGroup;
			children = (
				32E202F51DC88AB60079C55C /* libRCTGoogleAnalyticsBridge.a */,
			);
			name = Products;
			sourceTree = "<group>";
		};
		78C398B11ACF4ADC00677621 /* Products */ = {
			isa = PBXGroup;
			children = (
				78C398B91ACF4ADC00677621 /* libRCTLinking.a */,
			);
			name = Products;
			sourceTree = "<group>";
		};
		7B6A234911334064989ACC65 /* Frameworks */ = {
			isa = PBXGroup;
			children = (
				32E203041DC88B190079C55C /* libsqlite3.0.tbd */,
				32E203021DC88AF90079C55C /* SystemConfiguration.framework */,
				32E203001DC88AE90079C55C /* CoreData.framework */,
				DA9653058D874183A3A559DA /* libc++.tbd */,
				AC665411C24E4CF6A5C2773D /* libz.tbd */,
				B41FF1C7176CF695511DE78D /* Pods_AndyWarholAccessibilityProject.framework */,
			);
			name = Frameworks;
			sourceTree = "<group>";
		};
		832341AE1AAA6A7D00B99B32 /* Libraries */ = {
			isa = PBXGroup;
			children = (
				146833FF1AC3E56700842450 /* React.xcodeproj */,
				00C302A71ABCB8CE00DB3ED1 /* RCTActionSheet.xcodeproj */,
				00C302B51ABCB90400DB3ED1 /* RCTGeolocation.xcodeproj */,
				00C302BB1ABCB91800DB3ED1 /* RCTImage.xcodeproj */,
				78C398B01ACF4ADC00677621 /* RCTLinking.xcodeproj */,
				00C302D31ABCB9D200DB3ED1 /* RCTNetwork.xcodeproj */,
				139105B61AF99BAD00B5F7CC /* RCTSettings.xcodeproj */,
				832341B01AAA6A8300B99B32 /* RCTText.xcodeproj */,
				00C302DF1ABCB9EE00DB3ED1 /* RCTVibration.xcodeproj */,
				139FDEE61B06529A00C62182 /* RCTWebSocket.xcodeproj */,
				6D6553A0A1BB4AC796F299D1 /* RNDeviceInfo.xcodeproj */,
				5DE6AA1E78184C068BD5FFD2 /* RealmReact.xcodeproj */,
				3E3EB3C879304F519391D452 /* RCTGoogleAnalyticsBridge.xcodeproj */,
			);
			name = Libraries;
			sourceTree = "<group>";
		};
		832341B11AAA6A8300B99B32 /* Products */ = {
			isa = PBXGroup;
			children = (
				832341B51AAA6A8300B99B32 /* libRCTText.a */,
			);
			name = Products;
			sourceTree = "<group>";
		};
		83CBB9F61A601CBA00E9B192 = {
			isa = PBXGroup;
			children = (
				13B07FAE1A68108700A75B9A /* AndyWarholAccessibilityProject */,
				32CADBC31D709B25006122E5 /* Native Modules */,
				832341AE1AAA6A7D00B99B32 /* Libraries */,
				83CBBA001A601CBA00E9B192 /* Products */,
				7B6A234911334064989ACC65 /* Frameworks */,
				DDB73EE62462494BA5F483C2 /* Pods */,
				32CBCBBC1F336064001E6105 /* Recovered References */,
			);
			indentWidth = 2;
			sourceTree = "<group>";
			tabWidth = 2;
		};
		83CBBA001A601CBA00E9B192 /* Products */ = {
			isa = PBXGroup;
			children = (
				13B07F961A680F5B00A75B9A /* AndyWarholAccessibilityProject.app */,
			);
			name = Products;
			sourceTree = "<group>";
		};
		DDB73EE62462494BA5F483C2 /* Pods */ = {
			isa = PBXGroup;
			children = (
				95AFA373C9D0BDC4AEFE09E8 /* Pods-AndyWarholAccessibilityProject.debug.xcconfig */,
				2269C6073CFD2C7947542405 /* Pods-AndyWarholAccessibilityProject.release.xcconfig */,
			);
			name = Pods;
			sourceTree = "<group>";
		};
/* End PBXGroup section */

/* Begin PBXNativeTarget section */
		13B07F861A680F5B00A75B9A /* AndyWarholAccessibilityProject */ = {
			isa = PBXNativeTarget;
			buildConfigurationList = 13B07F931A680F5B00A75B9A /* Build configuration list for PBXNativeTarget "AndyWarholAccessibilityProject" */;
			buildPhases = (
				62005CCF276AF7413D933D8C /* [CP] Check Pods Manifest.lock */,
				13B07F871A680F5B00A75B9A /* Sources */,
				13B07F8C1A680F5B00A75B9A /* Frameworks */,
				13B07F8E1A680F5B00A75B9A /* Resources */,
				00DD1BFF1BD5951E006B06BC /* Bundle React Native code and images */,
				EFEA163CE70E66E1B54EFA1D /* [CP] Embed Pods Frameworks */,
				8F6D229BC7E2C417AAD8DDBE /* [CP] Copy Pods Resources */,
			);
			buildRules = (
			);
			dependencies = (
			);
			name = AndyWarholAccessibilityProject;
			productName = "Hello World";
			productReference = 13B07F961A680F5B00A75B9A /* AndyWarholAccessibilityProject.app */;
			productType = "com.apple.product-type.application";
		};
/* End PBXNativeTarget section */

/* Begin PBXProject section */
		83CBB9F71A601CBA00E9B192 /* Project object */ = {
			isa = PBXProject;
			attributes = {
				LastSwiftUpdateCheck = 730;
				LastUpgradeCheck = 800;
				ORGANIZATIONNAME = Facebook;
				TargetAttributes = {
					13B07F861A680F5B00A75B9A = {
						DevelopmentTeam = SZY22WCGL8;
						LastSwiftMigration = 800;
					};
				};
			};
			buildConfigurationList = 83CBB9FA1A601CBA00E9B192 /* Build configuration list for PBXProject "AndyWarholAccessibilityProject" */;
			compatibilityVersion = "Xcode 3.2";
			developmentRegion = English;
			hasScannedForEncodings = 0;
			knownRegions = (
				en,
				Base,
			);
			mainGroup = 83CBB9F61A601CBA00E9B192;
			productRefGroup = 83CBBA001A601CBA00E9B192 /* Products */;
			projectDirPath = "";
			projectReferences = (
				{
					ProductGroup = 00C302A81ABCB8CE00DB3ED1 /* Products */;
					ProjectRef = 00C302A71ABCB8CE00DB3ED1 /* RCTActionSheet.xcodeproj */;
				},
				{
					ProductGroup = 00C302B61ABCB90400DB3ED1 /* Products */;
					ProjectRef = 00C302B51ABCB90400DB3ED1 /* RCTGeolocation.xcodeproj */;
				},
				{
					ProductGroup = 32E202EF1DC88AB60079C55C /* Products */;
					ProjectRef = 3E3EB3C879304F519391D452 /* RCTGoogleAnalyticsBridge.xcodeproj */;
				},
				{
					ProductGroup = 00C302BC1ABCB91800DB3ED1 /* Products */;
					ProjectRef = 00C302BB1ABCB91800DB3ED1 /* RCTImage.xcodeproj */;
				},
				{
					ProductGroup = 78C398B11ACF4ADC00677621 /* Products */;
					ProjectRef = 78C398B01ACF4ADC00677621 /* RCTLinking.xcodeproj */;
				},
				{
					ProductGroup = 00C302D41ABCB9D200DB3ED1 /* Products */;
					ProjectRef = 00C302D31ABCB9D200DB3ED1 /* RCTNetwork.xcodeproj */;
				},
				{
					ProductGroup = 139105B71AF99BAD00B5F7CC /* Products */;
					ProjectRef = 139105B61AF99BAD00B5F7CC /* RCTSettings.xcodeproj */;
				},
				{
					ProductGroup = 832341B11AAA6A8300B99B32 /* Products */;
					ProjectRef = 832341B01AAA6A8300B99B32 /* RCTText.xcodeproj */;
				},
				{
					ProductGroup = 00C302E01ABCB9EE00DB3ED1 /* Products */;
					ProjectRef = 00C302DF1ABCB9EE00DB3ED1 /* RCTVibration.xcodeproj */;
				},
				{
					ProductGroup = 139FDEE71B06529A00C62182 /* Products */;
					ProjectRef = 139FDEE61B06529A00C62182 /* RCTWebSocket.xcodeproj */;
				},
				{
					ProductGroup = 146834001AC3E56700842450 /* Products */;
					ProjectRef = 146833FF1AC3E56700842450 /* React.xcodeproj */;
				},
				{
					ProductGroup = 32CADBD21D709B54006122E5 /* Products */;
					ProjectRef = 5DE6AA1E78184C068BD5FFD2 /* RealmReact.xcodeproj */;
				},
				{
					ProductGroup = 32CADBE61D709B54006122E5 /* Products */;
					ProjectRef = 6D6553A0A1BB4AC796F299D1 /* RNDeviceInfo.xcodeproj */;
				},
			);
			projectRoot = "";
			targets = (
				13B07F861A680F5B00A75B9A /* AndyWarholAccessibilityProject */,
			);
		};
/* End PBXProject section */

/* Begin PBXReferenceProxy section */
		00C302AC1ABCB8CE00DB3ED1 /* libRCTActionSheet.a */ = {
			isa = PBXReferenceProxy;
			fileType = archive.ar;
			path = libRCTActionSheet.a;
			remoteRef = 00C302AB1ABCB8CE00DB3ED1 /* PBXContainerItemProxy */;
			sourceTree = BUILT_PRODUCTS_DIR;
		};
		00C302BA1ABCB90400DB3ED1 /* libRCTGeolocation.a */ = {
			isa = PBXReferenceProxy;
			fileType = archive.ar;
			path = libRCTGeolocation.a;
			remoteRef = 00C302B91ABCB90400DB3ED1 /* PBXContainerItemProxy */;
			sourceTree = BUILT_PRODUCTS_DIR;
		};
		00C302C01ABCB91800DB3ED1 /* libRCTImage.a */ = {
			isa = PBXReferenceProxy;
			fileType = archive.ar;
			path = libRCTImage.a;
			remoteRef = 00C302BF1ABCB91800DB3ED1 /* PBXContainerItemProxy */;
			sourceTree = BUILT_PRODUCTS_DIR;
		};
		00C302DC1ABCB9D200DB3ED1 /* libRCTNetwork.a */ = {
			isa = PBXReferenceProxy;
			fileType = archive.ar;
			path = libRCTNetwork.a;
			remoteRef = 00C302DB1ABCB9D200DB3ED1 /* PBXContainerItemProxy */;
			sourceTree = BUILT_PRODUCTS_DIR;
		};
		00C302E41ABCB9EE00DB3ED1 /* libRCTVibration.a */ = {
			isa = PBXReferenceProxy;
			fileType = archive.ar;
			path = libRCTVibration.a;
			remoteRef = 00C302E31ABCB9EE00DB3ED1 /* PBXContainerItemProxy */;
			sourceTree = BUILT_PRODUCTS_DIR;
		};
		139105C11AF99BAD00B5F7CC /* libRCTSettings.a */ = {
			isa = PBXReferenceProxy;
			fileType = archive.ar;
			path = libRCTSettings.a;
			remoteRef = 139105C01AF99BAD00B5F7CC /* PBXContainerItemProxy */;
			sourceTree = BUILT_PRODUCTS_DIR;
		};
		139FDEF41B06529B00C62182 /* libRCTWebSocket.a */ = {
			isa = PBXReferenceProxy;
			fileType = archive.ar;
			path = libRCTWebSocket.a;
			remoteRef = 139FDEF31B06529B00C62182 /* PBXContainerItemProxy */;
			sourceTree = BUILT_PRODUCTS_DIR;
		};
		146834041AC3E56700842450 /* libReact.a */ = {
			isa = PBXReferenceProxy;
			fileType = archive.ar;
			path = libReact.a;
			remoteRef = 146834031AC3E56700842450 /* PBXContainerItemProxy */;
			sourceTree = BUILT_PRODUCTS_DIR;
		};
		32CADBE01D709B54006122E5 /* libRealmReact.a */ = {
			isa = PBXReferenceProxy;
			fileType = archive.ar;
			path = libRealmReact.a;
			remoteRef = 32CADBDF1D709B54006122E5 /* PBXContainerItemProxy */;
			sourceTree = BUILT_PRODUCTS_DIR;
		};
		32CADBEA1D709B54006122E5 /* libRNDeviceInfo.a */ = {
			isa = PBXReferenceProxy;
			fileType = archive.ar;
			path = libRNDeviceInfo.a;
			remoteRef = 32CADBE91D709B54006122E5 /* PBXContainerItemProxy */;
			sourceTree = BUILT_PRODUCTS_DIR;
		};
		32E202F51DC88AB60079C55C /* libRCTGoogleAnalyticsBridge.a */ = {
			isa = PBXReferenceProxy;
			fileType = archive.ar;
			path = libRCTGoogleAnalyticsBridge.a;
			remoteRef = 32E202F41DC88AB60079C55C /* PBXContainerItemProxy */;
			sourceTree = BUILT_PRODUCTS_DIR;
		};
		78C398B91ACF4ADC00677621 /* libRCTLinking.a */ = {
			isa = PBXReferenceProxy;
			fileType = archive.ar;
			path = libRCTLinking.a;
			remoteRef = 78C398B81ACF4ADC00677621 /* PBXContainerItemProxy */;
			sourceTree = BUILT_PRODUCTS_DIR;
		};
		832341B51AAA6A8300B99B32 /* libRCTText.a */ = {
			isa = PBXReferenceProxy;
			fileType = archive.ar;
			path = libRCTText.a;
			remoteRef = 832341B41AAA6A8300B99B32 /* PBXContainerItemProxy */;
			sourceTree = BUILT_PRODUCTS_DIR;
		};
/* End PBXReferenceProxy section */

/* Begin PBXResourcesBuildPhase section */
		13B07F8E1A680F5B00A75B9A /* Resources */ = {
			isa = PBXResourcesBuildPhase;
			buildActionMask = 2147483647;
			files = (
				32CADB391D709A39006122E5 /* campbells.png in Resources */,
				32CADB3F1D709A39006122E5 /* lobbySpace.png in Resources */,
				32CADBAE1D709AC3006122E5 /* Warhola_Donald_Julia_Prayer.mp3 in Resources */,
				32CADB3B1D709A39006122E5 /* cocaCola.png in Resources */,
				32CADBAA1D709AC3006122E5 /* Warhola_Donald_Childhood_Growing_Up_in_the_Depression.mp3 in Resources */,
				32CADB8A1D709AC3006122E5 /* Childhood_Visual.mp3 in Resources */,
				32CADB8B1D709AC3006122E5 /* CocaCola_Tactile_Visual.mp3 in Resources */,
				32CADB831D709AC3006122E5 /* Beck_Jessica_New-York_Persona.mp3 in Resources */,
				32CADB3D1D709A39006122E5 /* commercialWork.png in Resources */,
				32CADBAD1D709AC3006122E5 /* Warhola_Donald_Julia_Mothers_Influence.mp3 in Resources */,
				32CADB871D709AC3006122E5 /* Blotted-Line_Introduction_v2.mp3 in Resources */,
				32CADBA91D709AC3006122E5 /* Warhola_Donald_Childhood_Family_portrait.mp3 in Resources */,
				3219C0DB1DA42D6300A14415 /* Settings.bundle in Resources */,
				32CADB9C1D709AC3006122E5 /* Marsden_Grace_Coca-Cola_Mass-Appeal.mp3 in Resources */,
				32CADBB41D709AC3006122E5 /* Warhola_Julia_Folksong.mp3 in Resources */,
				32CADB981D709AC3006122E5 /* Marsden_Grace_Campbells_Introduction.mp3 in Resources */,
				32CADBB11D709AC3006122E5 /* Warhola_Donald-Childhood_Introduction.mp3 in Resources */,
				32CADB911D709AC3006122E5 /* Diaz_Jose-Commercial_Art-Intro.mp3 in Resources */,
				32CADBA51D709AC3006122E5 /* TactileRecliningMaleTorso_Tactile.mp3 in Resources */,
				32CADB8F1D709AC3006122E5 /* Diaz_Jose-Coke-Hand_Painted_Pop.mp3 in Resources */,
				32CADBA21D709AC3006122E5 /* TactileCocaCola_Tactile.mp3 in Resources */,
				32CADBB01D709AC3006122E5 /* Warhola_Donald_Julia_The_Boss_Is_Going.mp3 in Resources */,
				32CADBA61D709AC3006122E5 /* TactileRecliningMaleTorso_Visual.mp3 in Resources */,
				32CADB3E1D709A39006122E5 /* earlyYears.png in Resources */,
				3264D3F71E6DAE2700FE083B /* CollegeYears_Visual_ThreeFigures.mp3 in Resources */,
				32CADB8C1D709AC3006122E5 /* CocaCola_Visual.mp3 in Resources */,
				3264D3F11E6DAA1600FE083B /* college.png in Resources */,
				32CADBA01D709AC3006122E5 /* Singelis_Campbells.mp3 in Resources */,
				32DADA881DBA96DD003D00DE /* Tactile-Coca-Cola.png in Resources */,
				32CADB841D709AC3006122E5 /* Beck_Jessica_New-York_Success.mp3 in Resources */,
				3264D3F81E6DAE2700FE083B /* Pearlstein_HowDoesItFeelToBeFamous.mp3 in Resources */,
				13B07FBF1A68108700A75B9A /* Images.xcassets in Resources */,
				32CADBA81D709AC3006122E5 /* Warhola_Donald_Childhood_Carpatho-Rusyn.mp3 in Resources */,
				32A7B75E1DE4D54800407F48 /* BoyBook_GettingSerious.mp3 in Resources */,
				32CADB381D709A39006122E5 /* blottedLineStill.png in Resources */,
				32CADB891D709AC3006122E5 /* Campbells_Visual.mp3 in Resources */,
				32CADBA41D709AC3006122E5 /* TactileFemaleFashionFigure_Visual.mp3 in Resources */,
				3264D3F61E6DAE2700FE083B /* Beck_Jessica_College-Years_Introduction.mp3 in Resources */,
				32CADB851D709AC3006122E5 /* Blotted-Line_Collaboration_v2.mp3 in Resources */,
				3264D3F91E6DAE2700FE083B /* Warhola_Donald_NeighborhoodWatch.mp3 in Resources */,
				32CADBB21D709AC3006122E5 /* Warhola_Donald-Julia_Introduction.mp3 in Resources */,
				32CADB411D709A39006122E5 /* newYork.png in Resources */,
				32CADB821D709AC3006122E5 /* Beck_Jessica_New-York_Introduction.mp3 in Resources */,
				32DADA8A1DBA96DD003D00DE /* Tactile-Reclining_Male_Torso.png in Resources */,
				32CADBAB1D709AC3006122E5 /* Warhola_Donald_Childhood_Warhola_Family.mp3 in Resources */,
				32CADBAF1D709AC3006122E5 /* Warhola_Donald_Julia_Signature_style.mp3 in Resources */,
				32CADB9E1D709AC3006122E5 /* Pearlstein_Moving_to_NYC.mp3 in Resources */,
				32CADB991D709AC3006122E5 /* Marsden_Grace_Campbells_Torn.mp3 in Resources */,
				32CADBB31D709AC3006122E5 /* Warhola_John_Movie_Projector-v2.mp3 in Resources */,
				32A7B75F1DE4D54800407F48 /* BoyBook_UnidentifiedMale_VisualDescription.mp3 in Resources */,
				32CADB811D709AC3006122E5 /* Beck_Jessica_New-York_Commercial-Fine-Art.mp3 in Resources */,
				32CADB361D709A39006122E5 /* andyAndJulia.png in Resources */,
				32CADB9F1D709AC3006122E5 /* PittsburghNewYork_VIsual.mp3 in Resources */,
				32CADBA71D709AC3006122E5 /* Warhola_Donald_7th-Floor-Overview.mp3 in Resources */,
				32CADB3A1D709A39006122E5 /* childhood.png in Resources */,
				32CADB861D709AC3006122E5 /* Blotted-Line_Commercial_to_fine.mp3 in Resources */,
				32CADB901D709AC3006122E5 /* Diaz_Jose-Commercial_Art-I_Miller.mp3 in Resources */,
				32CADB9A1D709AC3006122E5 /* Marsden_Grace_Coca-Cola_Expressionist_elements.mp3 in Resources */,
				32CADB881D709AC3006122E5 /* Blotted-Line_Process_v2.mp3 in Resources */,
				32A7B75A1DE4D39E00407F48 /* boyBook.png in Resources */,
				3264D3FB1E6DB56500FE083B /* Warhola_Donald-Julia_FoldingScreen-v2.mp3 in Resources */,
				32CADBA11D709AC3006122E5 /* Singelis_Walks_in_NewYork.mp3 in Resources */,
				32CADB7D1D709AC3006122E5 /* AndyAndJulia_visual.mp3 in Resources */,
				32CADBA31D709AC3006122E5 /* TactileFemaleFashionFigure_Tactile.mp3 in Resources */,
				32CADB9B1D709AC3006122E5 /* Marsden_Grace_Coca-Cola_Introduction.mp3 in Resources */,
				32A7B7601DE4D54800407F48 /* BoyBook_Introduction.mp3 in Resources */,
				32CADB401D709A39006122E5 /* museumBackground.png in Resources */,
				32ECA2701E27E8F100416736 /* VisualDescription_Shoe.mp3 in Resources */,
				32DADA891DBA96DD003D00DE /* Tactile-Female_Fashion_Figure.png in Resources */,
			);
			runOnlyForDeploymentPostprocessing = 0;
		};
/* End PBXResourcesBuildPhase section */

/* Begin PBXShellScriptBuildPhase section */
		00DD1BFF1BD5951E006B06BC /* Bundle React Native code and images */ = {
			isa = PBXShellScriptBuildPhase;
			buildActionMask = 2147483647;
			files = (
			);
			inputPaths = (
			);
			name = "Bundle React Native code and images";
			outputPaths = (
			);
			runOnlyForDeploymentPostprocessing = 0;
			shellPath = /bin/sh;
			shellScript = "export NODE_BINARY=node\n../node_modules/react-native/packager/react-native-xcode.sh";
		};
		62005CCF276AF7413D933D8C /* [CP] Check Pods Manifest.lock */ = {
			isa = PBXShellScriptBuildPhase;
			buildActionMask = 2147483647;
			files = (
			);
			inputPaths = (
			);
			name = "[CP] Check Pods Manifest.lock";
			outputPaths = (
			);
			runOnlyForDeploymentPostprocessing = 0;
			shellPath = /bin/sh;
			shellScript = "diff \"${PODS_ROOT}/../Podfile.lock\" \"${PODS_ROOT}/Manifest.lock\" > /dev/null\nif [[ $? != 0 ]] ; then\n    cat << EOM\nerror: The sandbox is not in sync with the Podfile.lock. Run 'pod install' or update your CocoaPods installation.\nEOM\n    exit 1\nfi\n";
			showEnvVarsInLog = 0;
		};
		8F6D229BC7E2C417AAD8DDBE /* [CP] Copy Pods Resources */ = {
			isa = PBXShellScriptBuildPhase;
			buildActionMask = 2147483647;
			files = (
			);
			inputPaths = (
			);
			name = "[CP] Copy Pods Resources";
			outputPaths = (
			);
			runOnlyForDeploymentPostprocessing = 0;
			shellPath = /bin/sh;
			shellScript = "\"${SRCROOT}/Pods/Target Support Files/Pods-AndyWarholAccessibilityProject/Pods-AndyWarholAccessibilityProject-resources.sh\"\n";
			showEnvVarsInLog = 0;
		};
		EFEA163CE70E66E1B54EFA1D /* [CP] Embed Pods Frameworks */ = {
			isa = PBXShellScriptBuildPhase;
			buildActionMask = 2147483647;
			files = (
			);
			inputPaths = (
			);
			name = "[CP] Embed Pods Frameworks";
			outputPaths = (
			);
			runOnlyForDeploymentPostprocessing = 0;
			shellPath = /bin/sh;
			shellScript = "\"${SRCROOT}/Pods/Target Support Files/Pods-AndyWarholAccessibilityProject/Pods-AndyWarholAccessibilityProject-frameworks.sh\"\n";
			showEnvVarsInLog = 0;
		};
/* End PBXShellScriptBuildPhase section */

/* Begin PBXSourcesBuildPhase section */
		13B07F871A680F5B00A75B9A /* Sources */ = {
			isa = PBXSourcesBuildPhase;
			buildActionMask = 2147483647;
			files = (
				13B07FBC1A68108700A75B9A /* AppDelegate.m in Sources */,
				32CADBC01D709B15006122E5 /* CMSAudioManagerBridge.m in Sources */,
				32CADBBE1D709B15006122E5 /* CMSAccessibilityManagerBridge.m in Sources */,
				32CADBBD1D709B15006122E5 /* CMSAccessibilityManager.swift in Sources */,
				13B07FC11A68108700A75B9A /* main.m in Sources */,
				32CADBC11D709B15006122E5 /* CMSBeaconManager.swift in Sources */,
				32CADBC21D709B15006122E5 /* CMSBeaconManagerBridge.m in Sources */,
				32CADBBF1D709B15006122E5 /* CMSAudioManager.swift in Sources */,
			);
			runOnlyForDeploymentPostprocessing = 0;
		};
/* End PBXSourcesBuildPhase section */

/* Begin XCBuildConfiguration section */
		13B07F941A680F5B00A75B9A /* Debug */ = {
			isa = XCBuildConfiguration;
			baseConfigurationReference = 95AFA373C9D0BDC4AEFE09E8 /* Pods-AndyWarholAccessibilityProject.debug.xcconfig */;
			buildSettings = {
				ASSETCATALOG_COMPILER_APPICON_NAME = AppIcon;
				ASSETCATALOG_COMPILER_LAUNCHIMAGE_NAME = LaunchImages;
				CLANG_ANALYZER_NONNULL = YES_NONAGGRESSIVE;
				CLANG_ANALYZER_OBJC_UNUSED_IVARS = YES;
				CLANG_ANALYZER_SECURITY_INSECUREAPI_UNCHECKEDRETURN = YES;
				CLANG_ENABLE_MODULES = YES;
				CODE_SIGN_IDENTITY = "iPhone Developer";
				DEAD_CODE_STRIPPING = NO;
				GCC_WARN_ABOUT_RETURN_TYPE = YES_ERROR;
				HEADER_SEARCH_PATHS = (
					"$(inherited)",
					/Applications/Xcode.app/Contents/Developer/Toolchains/XcodeDefault.xctoolchain/usr/include,
					"$(SRCROOT)/../node_modules/react-native/React/**",
					"$(SRCROOT)/../node_modules/react-native-device-info/RNDeviceInfo",
					"$(SRCROOT)/../node_modules/realm/src/**",
					"$(SRCROOT)/../node_modules/react-native-google-analytics-bridge/ios/RCTGoogleAnalyticsBridge/**",
				);
				INFOPLIST_FILE = AndyWarholAccessibilityProject/Info.plist;
				LD_RUNPATH_SEARCH_PATHS = "$(inherited) @executable_path/Frameworks";
				LIBRARY_SEARCH_PATHS = (
					"$(inherited)",
					"\"$(SRCROOT)/AndyWarholAccessibilityProject\"",
				);
				OTHER_LDFLAGS = (
					"$(inherited)",
					"-ObjC",
					"-lc++",
				);
				PRODUCT_BUNDLE_IDENTIFIER = CMP.WarholPrototype;
				PRODUCT_NAME = AndyWarholAccessibilityProject;
				SWIFT_OBJC_BRIDGING_HEADER = "AndyWarholAccessibilityProject-Bridging-Header.h";
				SWIFT_OPTIMIZATION_LEVEL = "-Onone";
				SWIFT_VERSION = 3.0;
			};
			name = Debug;
		};
		13B07F951A680F5B00A75B9A /* Release */ = {
			isa = XCBuildConfiguration;
			baseConfigurationReference = 2269C6073CFD2C7947542405 /* Pods-AndyWarholAccessibilityProject.release.xcconfig */;
			buildSettings = {
				ASSETCATALOG_COMPILER_APPICON_NAME = AppIcon;
				ASSETCATALOG_COMPILER_LAUNCHIMAGE_NAME = LaunchImages;
				CLANG_ANALYZER_NONNULL = YES_NONAGGRESSIVE;
				CLANG_ANALYZER_OBJC_UNUSED_IVARS = YES;
				CLANG_ANALYZER_SECURITY_INSECUREAPI_UNCHECKEDRETURN = YES;
				CLANG_ENABLE_MODULES = YES;
				CODE_SIGN_IDENTITY = "iPhone Developer";
				GCC_WARN_ABOUT_RETURN_TYPE = YES_ERROR;
				HEADER_SEARCH_PATHS = (
					"$(inherited)",
					/Applications/Xcode.app/Contents/Developer/Toolchains/XcodeDefault.xctoolchain/usr/include,
					"$(SRCROOT)/../node_modules/react-native/React/**",
					"$(SRCROOT)/../node_modules/react-native-device-info/RNDeviceInfo",
					"$(SRCROOT)/../node_modules/realm/src/**",
					"$(SRCROOT)/../node_modules/react-native-google-analytics-bridge/ios/RCTGoogleAnalyticsBridge/**",
				);
				INFOPLIST_FILE = AndyWarholAccessibilityProject/Info.plist;
				LD_RUNPATH_SEARCH_PATHS = "$(inherited) @executable_path/Frameworks";
				LIBRARY_SEARCH_PATHS = (
					"$(inherited)",
					"\"$(SRCROOT)/AndyWarholAccessibilityProject\"",
				);
				OTHER_LDFLAGS = (
					"$(inherited)",
					"-ObjC",
					"-lc++",
				);
				PRODUCT_BUNDLE_IDENTIFIER = CMP.WarholPrototype;
				PRODUCT_NAME = AndyWarholAccessibilityProject;
				SWIFT_OBJC_BRIDGING_HEADER = "AndyWarholAccessibilityProject-Bridging-Header.h";
				SWIFT_VERSION = 3.0;
			};
			name = Release;
		};
		83CBBA201A601CBA00E9B192 /* Debug */ = {
			isa = XCBuildConfiguration;
			buildSettings = {
				ALWAYS_SEARCH_USER_PATHS = NO;
				CLANG_CXX_LANGUAGE_STANDARD = "gnu++0x";
				CLANG_CXX_LIBRARY = "libc++";
				CLANG_ENABLE_MODULES = YES;
				CLANG_ENABLE_OBJC_ARC = YES;
				CLANG_WARN_BOOL_CONVERSION = YES;
				CLANG_WARN_CONSTANT_CONVERSION = YES;
				CLANG_WARN_DIRECT_OBJC_ISA_USAGE = YES_ERROR;
				CLANG_WARN_EMPTY_BODY = YES;
				CLANG_WARN_ENUM_CONVERSION = YES;
				CLANG_WARN_INFINITE_RECURSION = YES;
				CLANG_WARN_INT_CONVERSION = YES;
				CLANG_WARN_OBJC_ROOT_CLASS = YES_ERROR;
				CLANG_WARN_SUSPICIOUS_MOVE = YES;
				CLANG_WARN_UNREACHABLE_CODE = YES;
				CLANG_WARN__DUPLICATE_METHOD_MATCH = YES;
				"CODE_SIGN_IDENTITY[sdk=iphoneos*]" = "iPhone Developer";
				COPY_PHASE_STRIP = NO;
				ENABLE_STRICT_OBJC_MSGSEND = YES;
				ENABLE_TESTABILITY = YES;
				GCC_C_LANGUAGE_STANDARD = gnu99;
				GCC_DYNAMIC_NO_PIC = NO;
				GCC_NO_COMMON_BLOCKS = YES;
				GCC_OPTIMIZATION_LEVEL = 0;
				GCC_PREPROCESSOR_DEFINITIONS = (
					"DEBUG=1",
					"$(inherited)",
				);
				GCC_SYMBOLS_PRIVATE_EXTERN = NO;
				GCC_WARN_64_TO_32_BIT_CONVERSION = YES;
				GCC_WARN_ABOUT_RETURN_TYPE = YES_ERROR;
				GCC_WARN_UNDECLARED_SELECTOR = YES;
				GCC_WARN_UNINITIALIZED_AUTOS = YES_AGGRESSIVE;
				GCC_WARN_UNUSED_FUNCTION = YES;
				GCC_WARN_UNUSED_VARIABLE = YES;
				HEADER_SEARCH_PATHS = (
					"$(inherited)",
					/Applications/Xcode.app/Contents/Developer/Toolchains/XcodeDefault.xctoolchain/usr/include,
					"$(SRCROOT)/../node_modules/react-native/React/**",
					"$(SRCROOT)/../node_modules/react-native-device-info/RNDeviceInfo",
					"$(SRCROOT)/../node_modules/realm/src/**",
					"$(SRCROOT)/../node_modules/react-native-google-analytics-bridge/ios/RCTGoogleAnalyticsBridge/**",
				);
				IPHONEOS_DEPLOYMENT_TARGET = 9.0;
				MTL_ENABLE_DEBUG_INFO = YES;
				ONLY_ACTIVE_ARCH = YES;
				SDKROOT = iphoneos;
			};
			name = Debug;
		};
		83CBBA211A601CBA00E9B192 /* Release */ = {
			isa = XCBuildConfiguration;
			buildSettings = {
				ALWAYS_SEARCH_USER_PATHS = NO;
				CLANG_CXX_LANGUAGE_STANDARD = "gnu++0x";
				CLANG_CXX_LIBRARY = "libc++";
				CLANG_ENABLE_MODULES = YES;
				CLANG_ENABLE_OBJC_ARC = YES;
				CLANG_WARN_BOOL_CONVERSION = YES;
				CLANG_WARN_CONSTANT_CONVERSION = YES;
				CLANG_WARN_DIRECT_OBJC_ISA_USAGE = YES_ERROR;
				CLANG_WARN_EMPTY_BODY = YES;
				CLANG_WARN_ENUM_CONVERSION = YES;
				CLANG_WARN_INFINITE_RECURSION = YES;
				CLANG_WARN_INT_CONVERSION = YES;
				CLANG_WARN_OBJC_ROOT_CLASS = YES_ERROR;
				CLANG_WARN_SUSPICIOUS_MOVE = YES;
				CLANG_WARN_UNREACHABLE_CODE = YES;
				CLANG_WARN__DUPLICATE_METHOD_MATCH = YES;
				"CODE_SIGN_IDENTITY[sdk=iphoneos*]" = "iPhone Developer";
				COPY_PHASE_STRIP = YES;
				ENABLE_NS_ASSERTIONS = NO;
				ENABLE_STRICT_OBJC_MSGSEND = YES;
				GCC_C_LANGUAGE_STANDARD = gnu99;
				GCC_NO_COMMON_BLOCKS = YES;
				GCC_WARN_64_TO_32_BIT_CONVERSION = YES;
				GCC_WARN_ABOUT_RETURN_TYPE = YES_ERROR;
				GCC_WARN_UNDECLARED_SELECTOR = YES;
				GCC_WARN_UNINITIALIZED_AUTOS = YES_AGGRESSIVE;
				GCC_WARN_UNUSED_FUNCTION = YES;
				GCC_WARN_UNUSED_VARIABLE = YES;
				HEADER_SEARCH_PATHS = (
					"$(inherited)",
					/Applications/Xcode.app/Contents/Developer/Toolchains/XcodeDefault.xctoolchain/usr/include,
					"$(SRCROOT)/../node_modules/react-native/React/**",
					"$(SRCROOT)/../node_modules/react-native-device-info/RNDeviceInfo",
					"$(SRCROOT)/../node_modules/realm/src/**",
					"$(SRCROOT)/../node_modules/react-native-google-analytics-bridge/ios/RCTGoogleAnalyticsBridge/**",
				);
				IPHONEOS_DEPLOYMENT_TARGET = 9.0;
				MTL_ENABLE_DEBUG_INFO = NO;
				SDKROOT = iphoneos;
				SWIFT_OPTIMIZATION_LEVEL = "-Owholemodule";
				VALIDATE_PRODUCT = YES;
			};
			name = Release;
		};
/* End XCBuildConfiguration section */

/* Begin XCConfigurationList section */
		13B07F931A680F5B00A75B9A /* Build configuration list for PBXNativeTarget "AndyWarholAccessibilityProject" */ = {
			isa = XCConfigurationList;
			buildConfigurations = (
				13B07F941A680F5B00A75B9A /* Debug */,
				13B07F951A680F5B00A75B9A /* Release */,
			);
			defaultConfigurationIsVisible = 0;
			defaultConfigurationName = Release;
		};
		83CBB9FA1A601CBA00E9B192 /* Build configuration list for PBXProject "AndyWarholAccessibilityProject" */ = {
			isa = XCConfigurationList;
			buildConfigurations = (
				83CBBA201A601CBA00E9B192 /* Debug */,
				83CBBA211A601CBA00E9B192 /* Release */,
			);
			defaultConfigurationIsVisible = 0;
			defaultConfigurationName = Release;
		};
/* End XCConfigurationList section */
	};
	rootObject = 83CBB9F71A601CBA00E9B192 /* Project object */;
}
